// !$*UTF8*$!
{
	archiveVersion = 1;
	classes = {
	};
	objectVersion = 46;
	objects = {

/* Begin PBXBuildFile section */
		19DC567519629C2D00E5C145 /* Foundation.framework in Frameworks */ = {isa = PBXBuildFile; fileRef = 19DC567419629C2D00E5C145 /* Foundation.framework */; };
		19DC567719629C2D00E5C145 /* CoreGraphics.framework in Frameworks */ = {isa = PBXBuildFile; fileRef = 19DC567619629C2D00E5C145 /* CoreGraphics.framework */; };
		19DC567919629C2D00E5C145 /* UIKit.framework in Frameworks */ = {isa = PBXBuildFile; fileRef = 19DC567819629C2D00E5C145 /* UIKit.framework */; };
		19DC567F19629C2D00E5C145 /* InfoPlist.strings in Resources */ = {isa = PBXBuildFile; fileRef = 19DC567D19629C2D00E5C145 /* InfoPlist.strings */; };
		19DC568119629C2D00E5C145 /* main.m in Sources */ = {isa = PBXBuildFile; fileRef = 19DC568019629C2D00E5C145 /* main.m */; };
		19DC568519629C2D00E5C145 /* TRAppDelegate.m in Sources */ = {isa = PBXBuildFile; fileRef = 19DC568419629C2D00E5C145 /* TRAppDelegate.m */; };
		19DC568719629C2D00E5C145 /* Images.xcassets in Resources */ = {isa = PBXBuildFile; fileRef = 19DC568619629C2D00E5C145 /* Images.xcassets */; };
		19DC568E19629C2D00E5C145 /* XCTest.framework in Frameworks */ = {isa = PBXBuildFile; fileRef = 19DC568D19629C2D00E5C145 /* XCTest.framework */; };
		19DC568F19629C2D00E5C145 /* Foundation.framework in Frameworks */ = {isa = PBXBuildFile; fileRef = 19DC567419629C2D00E5C145 /* Foundation.framework */; };
		19DC569019629C2D00E5C145 /* UIKit.framework in Frameworks */ = {isa = PBXBuildFile; fileRef = 19DC567819629C2D00E5C145 /* UIKit.framework */; };
		19DC569819629C2D00E5C145 /* InfoPlist.strings in Resources */ = {isa = PBXBuildFile; fileRef = 19DC569619629C2D00E5C145 /* InfoPlist.strings */; };
		19DC569A19629C2D00E5C145 /* Demo28_TableView_ObjectTests.m in Sources */ = {isa = PBXBuildFile; fileRef = 19DC569919629C2D00E5C145 /* Demo28_TableView_ObjectTests.m */; };
		19DC56A619629C8100E5C145 /* TRViewController.m in Sources */ = {isa = PBXBuildFile; fileRef = 19DC56A419629C8100E5C145 /* TRViewController.m */; };
		19DC56A719629C8100E5C145 /* TRViewController.xib in Resources */ = {isa = PBXBuildFile; fileRef = 19DC56A519629C8100E5C145 /* TRViewController.xib */; };
		19DC56AA19629CB900E5C145 /* TRContact.m in Sources */ = {isa = PBXBuildFile; fileRef = 19DC56A919629CB900E5C145 /* TRContact.m */; };
/* End PBXBuildFile section */

/* Begin PBXContainerItemProxy section */
		19DC569119629C2D00E5C145 /* PBXContainerItemProxy */ = {
			isa = PBXContainerItemProxy;
			containerPortal = 19DC566919629C2D00E5C145 /* Project object */;
			proxyType = 1;
			remoteGlobalIDString = 19DC567019629C2D00E5C145;
			remoteInfo = Demo28_TableView_Object;
		};
/* End PBXContainerItemProxy section */

/* Begin PBXFileReference section */
		19DC567119629C2D00E5C145 /* Demo28_TableView_Object.app */ = {isa = PBXFileReference; explicitFileType = wrapper.application; includeInIndex = 0; path = Demo28_TableView_Object.app; sourceTree = BUILT_PRODUCTS_DIR; };
		19DC567419629C2D00E5C145 /* Foundation.framework */ = {isa = PBXFileReference; lastKnownFileType = wrapper.framework; name = Foundation.framework; path = System/Library/Frameworks/Foundation.framework; sourceTree = SDKROOT; };
		19DC567619629C2D00E5C145 /* CoreGraphics.framework */ = {isa = PBXFileReference; lastKnownFileType = wrapper.framework; name = CoreGraphics.framework; path = System/Library/Frameworks/CoreGraphics.framework; sourceTree = SDKROOT; };
		19DC567819629C2D00E5C145 /* UIKit.framework */ = {isa = PBXFileReference; lastKnownFileType = wrapper.framework; name = UIKit.framework; path = System/Library/Frameworks/UIKit.framework; sourceTree = SDKROOT; };
		19DC567C19629C2D00E5C145 /* Demo28_TableView_Object-Info.plist */ = {isa = PBXFileReference; lastKnownFileType = text.plist.xml; path = "Demo28_TableView_Object-Info.plist"; sourceTree = "<group>"; };
		19DC567E19629C2D00E5C145 /* en */ = {isa = PBXFileReference; lastKnownFileType = text.plist.strings; name = en; path = en.lproj/InfoPlist.strings; sourceTree = "<group>"; };
		19DC568019629C2D00E5C145 /* main.m */ = {isa = PBXFileReference; lastKnownFileType = sourcecode.c.objc; path = main.m; sourceTree = "<group>"; };
		19DC568219629C2D00E5C145 /* Demo28_TableView_Object-Prefix.pch */ = {isa = PBXFileReference; lastKnownFileType = sourcecode.c.h; path = "Demo28_TableView_Object-Prefix.pch"; sourceTree = "<group>"; };
		19DC568319629C2D00E5C145 /* TRAppDelegate.h */ = {isa = PBXFileReference; lastKnownFileType = sourcecode.c.h; path = TRAppDelegate.h; sourceTree = "<group>"; };
		19DC568419629C2D00E5C145 /* TRAppDelegate.m */ = {isa = PBXFileReference; lastKnownFileType = sourcecode.c.objc; path = TRAppDelegate.m; sourceTree = "<group>"; };
		19DC568619629C2D00E5C145 /* Images.xcassets */ = {isa = PBXFileReference; lastKnownFileType = folder.assetcatalog; path = Images.xcassets; sourceTree = "<group>"; };
		19DC568C19629C2D00E5C145 /* Demo28_TableView_ObjectTests.xctest */ = {isa = PBXFileReference; explicitFileType = wrapper.cfbundle; includeInIndex = 0; path = Demo28_TableView_ObjectTests.xctest; sourceTree = BUILT_PRODUCTS_DIR; };
		19DC568D19629C2D00E5C145 /* XCTest.framework */ = {isa = PBXFileReference; lastKnownFileType = wrapper.framework; name = XCTest.framework; path = Library/Frameworks/XCTest.framework; sourceTree = DEVELOPER_DIR; };
		19DC569519629C2D00E5C145 /* Demo28_TableView_ObjectTests-Info.plist */ = {isa = PBXFileReference; lastKnownFileType = text.plist.xml; path = "Demo28_TableView_ObjectTests-Info.plist"; sourceTree = "<group>"; };
		19DC569719629C2D00E5C145 /* en */ = {isa = PBXFileReference; lastKnownFileType = text.plist.strings; name = en; path = en.lproj/InfoPlist.strings; sourceTree = "<group>"; };
		19DC569919629C2D00E5C145 /* Demo28_TableView_ObjectTests.m */ = {isa = PBXFileReference; lastKnownFileType = sourcecode.c.objc; path = Demo28_TableView_ObjectTests.m; sourceTree = "<group>"; };
		19DC56A319629C8100E5C145 /* TRViewController.h */ = {isa = PBXFileReference; fileEncoding = 4; lastKnownFileType = sourcecode.c.h; path = TRViewController.h; sourceTree = "<group>"; };
		19DC56A419629C8100E5C145 /* TRViewController.m */ = {isa = PBXFileReference; fileEncoding = 4; lastKnownFileType = sourcecode.c.objc; path = TRViewController.m; sourceTree = "<group>"; };
		19DC56A519629C8100E5C145 /* TRViewController.xib */ = {isa = PBXFileReference; fileEncoding = 4; lastKnownFileType = file.xib; path = TRViewController.xib; sourceTree = "<group>"; };
		19DC56A819629CB900E5C145 /* TRContact.h */ = {isa = PBXFileReference; fileEncoding = 4; lastKnownFileType = sourcecode.c.h; path = TRContact.h; sourceTree = "<group>"; };
		19DC56A919629CB900E5C145 /* TRContact.m */ = {isa = PBXFileReference; fileEncoding = 4; lastKnownFileType = sourcecode.c.objc; path = TRContact.m; sourceTree = "<group>"; };
/* End PBXFileReference section */

/* Begin PBXFrameworksBuildPhase section */
		19DC566E19629C2D00E5C145 /* Frameworks */ = {
			isa = PBXFrameworksBuildPhase;
			buildActionMask = 2147483647;
			files = (
				19DC567719629C2D00E5C145 /* CoreGraphics.framework in Frameworks */,
				19DC567919629C2D00E5C145 /* UIKit.framework in Frameworks */,
				19DC567519629C2D00E5C145 /* Foundation.framework in Frameworks */,
			);
			runOnlyForDeploymentPostprocessing = 0;
		};
		19DC568919629C2D00E5C145 /* Frameworks */ = {
			isa = PBXFrameworksBuildPhase;
			buildActionMask = 2147483647;
			files = (
				19DC568E19629C2D00E5C145 /* XCTest.framework in Frameworks */,
				19DC569019629C2D00E5C145 /* UIKit.framework in Frameworks */,
				19DC568F19629C2D00E5C145 /* Foundation.framework in Frameworks */,
			);
			runOnlyForDeploymentPostprocessing = 0;
		};
/* End PBXFrameworksBuildPhase section */

/* Begin PBXGroup section */
		19DC566819629C2D00E5C145 = {
			isa = PBXGroup;
			children = (
				19DC567A19629C2D00E5C145 /* Demo28_TableView_Object */,
				19DC569319629C2D00E5C145 /* Demo28_TableView_ObjectTests */,
				19DC567319629C2D00E5C145 /* Frameworks */,
				19DC567219629C2D00E5C145 /* Products */,
			);
			sourceTree = "<group>";
		};
		19DC567219629C2D00E5C145 /* Products */ = {
			isa = PBXGroup;
			children = (
				19DC567119629C2D00E5C145 /* Demo28_TableView_Object.app */,
				19DC568C19629C2D00E5C145 /* Demo28_TableView_ObjectTests.xctest */,
			);
			name = Products;
			sourceTree = "<group>";
		};
		19DC567319629C2D00E5C145 /* Frameworks */ = {
			isa = PBXGroup;
			children = (
				19DC567419629C2D00E5C145 /* Foundation.framework */,
				19DC567619629C2D00E5C145 /* CoreGraphics.framework */,
				19DC567819629C2D00E5C145 /* UIKit.framework */,
				19DC568D19629C2D00E5C145 /* XCTest.framework */,
			);
			name = Frameworks;
			sourceTree = "<group>";
		};
		19DC567A19629C2D00E5C145 /* Demo28_TableView_Object */ = {
			isa = PBXGroup;
			children = (
				19DC568319629C2D00E5C145 /* TRAppDelegate.h */,
				19DC568419629C2D00E5C145 /* TRAppDelegate.m */,
				19DC56A319629C8100E5C145 /* TRViewController.h */,
				19DC56A419629C8100E5C145 /* TRViewController.m */,
				19DC56A519629C8100E5C145 /* TRViewController.xib */,
				19DC56A819629CB900E5C145 /* TRContact.h */,
				19DC56A919629CB900E5C145 /* TRContact.m */,
				19DC568619629C2D00E5C145 /* Images.xcassets */,
				19DC567B19629C2D00E5C145 /* Supporting Files */,
			);
			path = Demo28_TableView_Object;
			sourceTree = "<group>";
		};
		19DC567B19629C2D00E5C145 /* Supporting Files */ = {
			isa = PBXGroup;
			children = (
				19DC567C19629C2D00E5C145 /* Demo28_TableView_Object-Info.plist */,
				19DC567D19629C2D00E5C145 /* InfoPlist.strings */,
				19DC568019629C2D00E5C145 /* main.m */,
				19DC568219629C2D00E5C145 /* Demo28_TableView_Object-Prefix.pch */,
			);
			name = "Supporting Files";
			sourceTree = "<group>";
		};
		19DC569319629C2D00E5C145 /* Demo28_TableView_ObjectTests */ = {
			isa = PBXGroup;
			children = (
				19DC569919629C2D00E5C145 /* Demo28_TableView_ObjectTests.m */,
				19DC569419629C2D00E5C145 /* Supporting Files */,
			);
			path = Demo28_TableView_ObjectTests;
			sourceTree = "<group>";
		};
		19DC569419629C2D00E5C145 /* Supporting Files */ = {
			isa = PBXGroup;
			children = (
				19DC569519629C2D00E5C145 /* Demo28_TableView_ObjectTests-Info.plist */,
				19DC569619629C2D00E5C145 /* InfoPlist.strings */,
			);
			name = "Supporting Files";
			sourceTree = "<group>";
		};
/* End PBXGroup section */

/* Begin PBXNativeTarget section */
		19DC567019629C2D00E5C145 /* Demo28_TableView_Object */ = {
			isa = PBXNativeTarget;
			buildConfigurationList = 19DC569D19629C2D00E5C145 /* Build configuration list for PBXNativeTarget "Demo28_TableView_Object" */;
			buildPhases = (
				19DC566D19629C2D00E5C145 /* Sources */,
				19DC566E19629C2D00E5C145 /* Frameworks */,
				19DC566F19629C2D00E5C145 /* Resources */,
			);
			buildRules = (
			);
			dependencies = (
			);
			name = Demo28_TableView_Object;
			productName = Demo28_TableView_Object;
			productReference = 19DC567119629C2D00E5C145 /* Demo28_TableView_Object.app */;
			productType = "com.apple.product-type.application";
		};
		19DC568B19629C2D00E5C145 /* Demo28_TableView_ObjectTests */ = {
			isa = PBXNativeTarget;
			buildConfigurationList = 19DC56A019629C2D00E5C145 /* Build configuration list for PBXNativeTarget "Demo28_TableView_ObjectTests" */;
			buildPhases = (
				19DC568819629C2D00E5C145 /* Sources */,
				19DC568919629C2D00E5C145 /* Frameworks */,
				19DC568A19629C2D00E5C145 /* Resources */,
			);
			buildRules = (
			);
			dependencies = (
				19DC569219629C2D00E5C145 /* PBXTargetDependency */,
			);
			name = Demo28_TableView_ObjectTests;
			productName = Demo28_TableView_ObjectTests;
			productReference = 19DC568C19629C2D00E5C145 /* Demo28_TableView_ObjectTests.xctest */;
			productType = "com.apple.product-type.bundle.unit-test";
		};
/* End PBXNativeTarget section */

/* Begin PBXProject section */
		19DC566919629C2D00E5C145 /* Project object */ = {
			isa = PBXProject;
			attributes = {
				CLASSPREFIX = TR;
				LastUpgradeCheck = 0510;
				ORGANIZATIONNAME = MobileApp;
				TargetAttributes = {
					19DC568B19629C2D00E5C145 = {
						TestTargetID = 19DC567019629C2D00E5C145;
					};
				};
			};
			buildConfigurationList = 19DC566C19629C2D00E5C145 /* Build configuration list for PBXProject "Demo28_TableView_Object" */;
			compatibilityVersion = "Xcode 3.2";
			developmentRegion = English;
			hasScannedForEncodings = 0;
			knownRegions = (
				en,
			);
			mainGroup = 19DC566819629C2D00E5C145;
			productRefGroup = 19DC567219629C2D00E5C145 /* Products */;
			projectDirPath = "";
			projectRoot = "";
			targets = (
				19DC567019629C2D00E5C145 /* Demo28_TableView_Object */,
				19DC568B19629C2D00E5C145 /* Demo28_TableView_ObjectTests */,
			);
		};
/* End PBXProject section */

/* Begin PBXResourcesBuildPhase section */
		19DC566F19629C2D00E5C145 /* Resources */ = {
			isa = PBXResourcesBuildPhase;
			buildActionMask = 2147483647;
			files = (
				19DC567F19629C2D00E5C145 /* InfoPlist.strings in Resources */,
				19DC56A719629C8100E5C145 /* TRViewController.xib in Resources */,
				19DC568719629C2D00E5C145 /* Images.xcassets in Resources */,
			);
			runOnlyForDeploymentPostprocessing = 0;
		};
		19DC568A19629C2D00E5C145 /* Resources */ = {
			isa = PBXResourcesBuildPhase;
			buildActionMask = 2147483647;
			files = (
				19DC569819629C2D00E5C145 /* InfoPlist.strings in Resources */,
			);
			runOnlyForDeploymentPostprocessing = 0;
		};
/* End PBXResourcesBuildPhase section */

/* Begin PBXSourcesBuildPhase section */
		19DC566D19629C2D00E5C145 /* Sources */ = {
			isa = PBXSourcesBuildPhase;
			buildActionMask = 2147483647;
			files = (
				19DC56AA19629CB900E5C145 /* TRContact.m in Sources */,
				19DC568519629C2D00E5C145 /* TRAppDelegate.m in Sources */,
				19DC568119629C2D00E5C145 /* main.m in Sources */,
				19DC56A619629C8100E5C145 /* TRViewController.m in Sources */,
			);
			runOnlyForDeploymentPostprocessing = 0;
		};
		19DC568819629C2D00E5C145 /* Sources */ = {
			isa = PBXSourcesBuildPhase;
			buildActionMask = 2147483647;
			files = (
				19DC569A19629C2D00E5C145 /* Demo28_TableView_ObjectTests.m in Sources */,
			);
			runOnlyForDeploymentPostprocessing = 0;
		};
/* End PBXSourcesBuildPhase section */

/* Begin PBXTargetDependency section */
		19DC569219629C2D00E5C145 /* PBXTargetDependency */ = {
			isa = PBXTargetDependency;
			target = 19DC567019629C2D00E5C145 /* Demo28_TableView_Object */;
			targetProxy = 19DC569119629C2D00E5C145 /* PBXContainerItemProxy */;
		};
/* End PBXTargetDependency section */

/* Begin PBXVariantGroup section */
		19DC567D19629C2D00E5C145 /* InfoPlist.strings */ = {
			isa = PBXVariantGroup;
			children = (
				19DC567E19629C2D00E5C145 /* en */,
			);
			name = InfoPlist.strings;
			sourceTree = "<group>";
		};
		19DC569619629C2D00E5C145 /* InfoPlist.strings */ = {
			isa = PBXVariantGroup;
			children = (
				19DC569719629C2D00E5C145 /* en */,
			);
			name = InfoPlist.strings;
			sourceTree = "<group>";
		};
/* End PBXVariantGroup section */

/* Begin XCBuildConfiguration section */
		19DC569B19629C2D00E5C145 /* Debug */ = {
			isa = XCBuildConfiguration;
			buildSettings = {
				ALWAYS_SEARCH_USER_PATHS = NO;
				CLANG_CXX_LANGUAGE_STANDARD = "gnu++0x";
				CLANG_CXX_LIBRARY = "libc++";
				CLANG_ENABLE_MODULES = YES;
				CLANG_ENABLE_OBJC_ARC = YES;
				CLANG_WARN_BOOL_CONVERSION = YES;
				CLANG_WARN_CONSTANT_CONVERSION = YES;
				CLANG_WARN_DIRECT_OBJC_ISA_USAGE = YES_ERROR;
				CLANG_WARN_EMPTY_BODY = YES;
				CLANG_WARN_ENUM_CONVERSION = YES;
				CLANG_WARN_INT_CONVERSION = YES;
				CLANG_WARN_OBJC_ROOT_CLASS = YES_ERROR;
				CLANG_WARN__DUPLICATE_METHOD_MATCH = YES;
				"CODE_SIGN_IDENTITY[sdk=iphoneos*]" = "iPhone Developer";
				COPY_PHASE_STRIP = NO;
				GCC_C_LANGUAGE_STANDARD = gnu99;
				GCC_DYNAMIC_NO_PIC = NO;
				GCC_OPTIMIZATION_LEVEL = 0;
				GCC_PREPROCESSOR_DEFINITIONS = (
					"DEBUG=1",
					"$(inherited)",
				);
				GCC_SYMBOLS_PRIVATE_EXTERN = NO;
				GCC_WARN_64_TO_32_BIT_CONVERSION = YES;
				GCC_WARN_ABOUT_RETURN_TYPE = YES_ERROR;
				GCC_WARN_UNDECLARED_SELECTOR = YES;
				GCC_WARN_UNINITIALIZED_AUTOS = YES_AGGRESSIVE;
				GCC_WARN_UNUSED_FUNCTION = YES;
				GCC_WARN_UNUSED_VARIABLE = YES;
				IPHONEOS_DEPLOYMENT_TARGET = 7.1;
				ONLY_ACTIVE_ARCH = YES;
				SDKROOT = iphoneos;
			};
			name = Debug;
		};
		19DC569C19629C2D00E5C145 /* Release */ = {
			isa = XCBuildConfiguration;
			buildSettings = {
				ALWAYS_SEARCH_USER_PATHS = NO;
				CLANG_CXX_LANGUAGE_STANDARD = "gnu++0x";
				CLANG_CXX_LIBRARY = "libc++";
				CLANG_ENABLE_MODULES = YES;
				CLANG_ENABLE_OBJC_ARC = YES;
				CLANG_WARN_BOOL_CONVERSION = YES;
				CLANG_WARN_CONSTANT_CONVERSION = YES;
				CLANG_WARN_DIRECT_OBJC_ISA_USAGE = YES_ERROR;
				CLANG_WARN_EMPTY_BODY = YES;
				CLANG_WARN_ENUM_CONVERSION = YES;
				CLANG_WARN_INT_CONVERSION = YES;
				CLANG_WARN_OBJC_ROOT_CLASS = YES_ERROR;
				CLANG_WARN__DUPLICATE_METHOD_MATCH = YES;
				"CODE_SIGN_IDENTITY[sdk=iphoneos*]" = "iPhone Developer";
				COPY_PHASE_STRIP = YES;
				ENABLE_NS_ASSERTIONS = NO;
				GCC_C_LANGUAGE_STANDARD = gnu99;
				GCC_WARN_64_TO_32_BIT_CONVERSION = YES;
				GCC_WARN_ABOUT_RETURN_TYPE = YES_ERROR;
				GCC_WARN_UNDECLARED_SELECTOR = YES;
				GCC_WARN_UNINITIALIZED_AUTOS = YES_AGGRESSIVE;
				GCC_WARN_UNUSED_FUNCTION = YES;
				GCC_WARN_UNUSED_VARIABLE = YES;
				IPHONEOS_DEPLOYMENT_TARGET = 7.1;
				SDKROOT = iphoneos;
				VALIDATE_PRODUCT = YES;
			};
			name = Release;
		};
		19DC569E19629C2D00E5C145 /* Debug */ = {
			isa = XCBuildConfiguration;
			buildSettings = {
				ASSETCATALOG_COMPILER_APPICON_NAME = AppIcon;
				ASSETCATALOG_COMPILER_LAUNCHIMAGE_NAME = LaunchImage;
				GCC_PRECOMPILE_PREFIX_HEADER = YES;
				GCC_PREFIX_HEADER = "Demo28_TableView_Object/Demo28_TableView_Object-Prefix.pch";
				INFOPLIST_FILE = "Demo28_TableView_Object/Demo28_TableView_Object-Info.plist";
				PRODUCT_NAME = "$(TARGET_NAME)";
				WRAPPER_EXTENSION = app;
			};
			name = Debug;
		};
		19DC569F19629C2D00E5C145 /* Release */ = {
			isa = XCBuildConfiguration;
			buildSettings = {
				ASSETCATALOG_COMPILER_APPICON_NAME = AppIcon;
				ASSETCATALOG_COMPILER_LAUNCHIMAGE_NAME = LaunchImage;
				GCC_PRECOMPILE_PREFIX_HEADER = YES;
				GCC_PREFIX_HEADER = "Demo28_TableView_Object/Demo28_TableView_Object-Prefix.pch";
				INFOPLIST_FILE = "Demo28_TableView_Object/Demo28_TableView_Object-Info.plist";
				PRODUCT_NAME = "$(TARGET_NAME)";
				WRAPPER_EXTENSION = app;
			};
			name = Release;
		};
		19DC56A119629C2D00E5C145 /* Debug */ = {
			isa = XCBuildConfiguration;
			buildSettings = {
				BUNDLE_LOADER = "$(BUILT_PRODUCTS_DIR)/Demo28_TableView_Object.app/Demo28_TableView_Object";
				FRAMEWORK_SEARCH_PATHS = (
					"$(SDKROOT)/Developer/Library/Frameworks",
					"$(inherited)",
					"$(DEVELOPER_FRAMEWORKS_DIR)",
				);
				GCC_PRECOMPILE_PREFIX_HEADER = YES;
				GCC_PREFIX_HEADER = "Demo28_TableView_Object/Demo28_TableView_Object-Prefix.pch";
				GCC_PREPROCESSOR_DEFINITIONS = (
					"DEBUG=1",
					"$(inherited)",
				);
				INFOPLIST_FILE = "Demo28_TableView_ObjectTests/Demo28_TableView_ObjectTests-Info.plist";
				PRODUCT_NAME = "$(TARGET_NAME)";
				TEST_HOST = "$(BUNDLE_LOADER)";
				WRAPPER_EXTENSION = xctest;
			};
			name = Debug;
		};
		19DC56A219629C2D00E5C145 /* Release */ = {
			isa = XCBuildConfiguration;
			buildSettings = {
				BUNDLE_LOADER = "$(BUILT_PRODUCTS_DIR)/Demo28_TableView_Object.app/Demo28_TableView_Object";
				FRAMEWORK_SEARCH_PATHS = (
					"$(SDKROOT)/Developer/Library/Frameworks",
					"$(inherited)",
					"$(DEVELOPER_FRAMEWORKS_DIR)",
				);
				GCC_PRECOMPILE_PREFIX_HEADER = YES;
				GCC_PREFIX_HEADER = "Demo28_TableView_Object/Demo28_TableView_Object-Prefix.pch";
				INFOPLIST_FILE = "Demo28_TableView_ObjectTests/Demo28_TableView_ObjectTests-Info.plist";
				PRODUCT_NAME = "$(TARGET_NAME)";
				TEST_HOST = "$(BUNDLE_LOADER)";
				WRAPPER_EXTENSION = xctest;
			};
			name = Release;
		};
/* End XCBuildConfiguration section */

/* Begin XCConfigurationList section */
		19DC566C19629C2D00E5C145 /* Build configuration list for PBXProject "Demo28_TableView_Object" */ = {
			isa = XCConfigurationList;
			buildConfigurations = (
				19DC569B19629C2D00E5C145 /* Debug */,
				19DC569C19629C2D00E5C145 /* Release */,
			);
			defaultConfigurationIsVisible = 0;
			defaultConfigurationName = Release;
		};
		19DC569D19629C2D00E5C145 /* Build configuration list for PBXNativeTarget "Demo28_TableView_Object" */ = {
			isa = XCConfigurationList;
			buildConfigurations = (
				19DC569E19629C2D00E5C145 /* Debug */,
				19DC569F19629C2D00E5C145 /* Release */,
			);
			defaultConfigurationIsVisible = 0;
		};
		19DC56A019629C2D00E5C145 /* Build configuration list for PBXNativeTarget "Demo28_TableView_ObjectTests" */ = {
			isa = XCConfigurationList;
			buildConfigurations = (
				19DC56A119629C2D00E5C145 /* Debug */,
				19DC56A219629C2D00E5C145 /* Release */,
			);
			defaultConfigurationIsVisible = 0;
		};
/* End XCConfigurationList section */
	};
	rootObject = 19DC566919629C2D00E5C145 /* Project object */;
}
