// !$*UTF8*$!
{
	archiveVersion = 1;
	classes = {
	};
	objectVersion = 46;
	objects = {

/* Begin PBXBuildFile section */
		199EA2101957056B00626A37 /* Foundation.framework in Frameworks */ = {isa = PBXBuildFile; fileRef = 199EA20F1957056B00626A37 /* Foundation.framework */; };
		199EA2121957056B00626A37 /* CoreGraphics.framework in Frameworks */ = {isa = PBXBuildFile; fileRef = 199EA2111957056B00626A37 /* CoreGraphics.framework */; };
		199EA2141957056B00626A37 /* UIKit.framework in Frameworks */ = {isa = PBXBuildFile; fileRef = 199EA2131957056B00626A37 /* UIKit.framework */; };
		199EA21A1957056C00626A37 /* InfoPlist.strings in Resources */ = {isa = PBXBuildFile; fileRef = 199EA2181957056C00626A37 /* InfoPlist.strings */; };
		199EA21C1957056C00626A37 /* main.m in Sources */ = {isa = PBXBuildFile; fileRef = 199EA21B1957056C00626A37 /* main.m */; };
		199EA2201957056C00626A37 /* TRAppDelegate.m in Sources */ = {isa = PBXBuildFile; fileRef = 199EA21F1957056C00626A37 /* TRAppDelegate.m */; };
		199EA2231957056C00626A37 /* Main.storyboard in Resources */ = {isa = PBXBuildFile; fileRef = 199EA2211957056C00626A37 /* Main.storyboard */; };
		199EA2261957056C00626A37 /* TRViewController.m in Sources */ = {isa = PBXBuildFile; fileRef = 199EA2251957056C00626A37 /* TRViewController.m */; };
		199EA2281957056C00626A37 /* Images.xcassets in Resources */ = {isa = PBXBuildFile; fileRef = 199EA2271957056C00626A37 /* Images.xcassets */; };
		199EA22F1957056C00626A37 /* XCTest.framework in Frameworks */ = {isa = PBXBuildFile; fileRef = 199EA22E1957056C00626A37 /* XCTest.framework */; };
		199EA2301957056C00626A37 /* Foundation.framework in Frameworks */ = {isa = PBXBuildFile; fileRef = 199EA20F1957056B00626A37 /* Foundation.framework */; };
		199EA2311957056C00626A37 /* UIKit.framework in Frameworks */ = {isa = PBXBuildFile; fileRef = 199EA2131957056B00626A37 /* UIKit.framework */; };
		199EA2391957056C00626A37 /* InfoPlist.strings in Resources */ = {isa = PBXBuildFile; fileRef = 199EA2371957056C00626A37 /* InfoPlist.strings */; };
		199EA23B1957056C00626A37 /* Demo2_nibTests.m in Sources */ = {isa = PBXBuildFile; fileRef = 199EA23A1957056C00626A37 /* Demo2_nibTests.m */; };
/* End PBXBuildFile section */

/* Begin PBXContainerItemProxy section */
		199EA2321957056C00626A37 /* PBXContainerItemProxy */ = {
			isa = PBXContainerItemProxy;
			containerPortal = 199EA2041957056B00626A37 /* Project object */;
			proxyType = 1;
			remoteGlobalIDString = 199EA20B1957056B00626A37;
			remoteInfo = Demo2_nib;
		};
/* End PBXContainerItemProxy section */

/* Begin PBXFileReference section */
		199EA20C1957056B00626A37 /* Demo2_nib.app */ = {isa = PBXFileReference; explicitFileType = wrapper.application; includeInIndex = 0; path = Demo2_nib.app; sourceTree = BUILT_PRODUCTS_DIR; };
		199EA20F1957056B00626A37 /* Foundation.framework */ = {isa = PBXFileReference; lastKnownFileType = wrapper.framework; name = Foundation.framework; path = System/Library/Frameworks/Foundation.framework; sourceTree = SDKROOT; };
		199EA2111957056B00626A37 /* CoreGraphics.framework */ = {isa = PBXFileReference; lastKnownFileType = wrapper.framework; name = CoreGraphics.framework; path = System/Library/Frameworks/CoreGraphics.framework; sourceTree = SDKROOT; };
		199EA2131957056B00626A37 /* UIKit.framework */ = {isa = PBXFileReference; lastKnownFileType = wrapper.framework; name = UIKit.framework; path = System/Library/Frameworks/UIKit.framework; sourceTree = SDKROOT; };
		199EA2171957056C00626A37 /* Demo2_nib-Info.plist */ = {isa = PBXFileReference; lastKnownFileType = text.plist.xml; path = "Demo2_nib-Info.plist"; sourceTree = "<group>"; };
		199EA2191957056C00626A37 /* en */ = {isa = PBXFileReference; lastKnownFileType = text.plist.strings; name = en; path = en.lproj/InfoPlist.strings; sourceTree = "<group>"; };
		199EA21B1957056C00626A37 /* main.m */ = {isa = PBXFileReference; lastKnownFileType = sourcecode.c.objc; path = main.m; sourceTree = "<group>"; };
		199EA21D1957056C00626A37 /* Demo2_nib-Prefix.pch */ = {isa = PBXFileReference; lastKnownFileType = sourcecode.c.h; path = "Demo2_nib-Prefix.pch"; sourceTree = "<group>"; };
		199EA21E1957056C00626A37 /* TRAppDelegate.h */ = {isa = PBXFileReference; lastKnownFileType = sourcecode.c.h; path = TRAppDelegate.h; sourceTree = "<group>"; };
		199EA21F1957056C00626A37 /* TRAppDelegate.m */ = {isa = PBXFileReference; lastKnownFileType = sourcecode.c.objc; path = TRAppDelegate.m; sourceTree = "<group>"; };
		199EA2221957056C00626A37 /* Base */ = {isa = PBXFileReference; lastKnownFileType = file.storyboard; name = Base; path = Base.lproj/Main.storyboard; sourceTree = "<group>"; };
		199EA2241957056C00626A37 /* TRViewController.h */ = {isa = PBXFileReference; lastKnownFileType = sourcecode.c.h; path = TRViewController.h; sourceTree = "<group>"; };
		199EA2251957056C00626A37 /* TRViewController.m */ = {isa = PBXFileReference; lastKnownFileType = sourcecode.c.objc; path = TRViewController.m; sourceTree = "<group>"; };
		199EA2271957056C00626A37 /* Images.xcassets */ = {isa = PBXFileReference; lastKnownFileType = folder.assetcatalog; path = Images.xcassets; sourceTree = "<group>"; };
		199EA22D1957056C00626A37 /* Demo2_nibTests.xctest */ = {isa = PBXFileReference; explicitFileType = wrapper.cfbundle; includeInIndex = 0; path = Demo2_nibTests.xctest; sourceTree = BUILT_PRODUCTS_DIR; };
		199EA22E1957056C00626A37 /* XCTest.framework */ = {isa = PBXFileReference; lastKnownFileType = wrapper.framework; name = XCTest.framework; path = Library/Frameworks/XCTest.framework; sourceTree = DEVELOPER_DIR; };
		199EA2361957056C00626A37 /* Demo2_nibTests-Info.plist */ = {isa = PBXFileReference; lastKnownFileType = text.plist.xml; path = "Demo2_nibTests-Info.plist"; sourceTree = "<group>"; };
		199EA2381957056C00626A37 /* en */ = {isa = PBXFileReference; lastKnownFileType = text.plist.strings; name = en; path = en.lproj/InfoPlist.strings; sourceTree = "<group>"; };
		199EA23A1957056C00626A37 /* Demo2_nibTests.m */ = {isa = PBXFileReference; lastKnownFileType = sourcecode.c.objc; path = Demo2_nibTests.m; sourceTree = "<group>"; };
/* End PBXFileReference section */

/* Begin PBXFrameworksBuildPhase section */
		199EA2091957056B00626A37 /* Frameworks */ = {
			isa = PBXFrameworksBuildPhase;
			buildActionMask = 2147483647;
			files = (
				199EA2121957056B00626A37 /* CoreGraphics.framework in Frameworks */,
				199EA2141957056B00626A37 /* UIKit.framework in Frameworks */,
				199EA2101957056B00626A37 /* Foundation.framework in Frameworks */,
			);
			runOnlyForDeploymentPostprocessing = 0;
		};
		199EA22A1957056C00626A37 /* Frameworks */ = {
			isa = PBXFrameworksBuildPhase;
			buildActionMask = 2147483647;
			files = (
				199EA22F1957056C00626A37 /* XCTest.framework in Frameworks */,
				199EA2311957056C00626A37 /* UIKit.framework in Frameworks */,
				199EA2301957056C00626A37 /* Foundation.framework in Frameworks */,
			);
			runOnlyForDeploymentPostprocessing = 0;
		};
/* End PBXFrameworksBuildPhase section */

/* Begin PBXGroup section */
		199EA2031957056B00626A37 = {
			isa = PBXGroup;
			children = (
				199EA2151957056C00626A37 /* Demo2_nib */,
				199EA2341957056C00626A37 /* Demo2_nibTests */,
				199EA20E1957056B00626A37 /* Frameworks */,
				199EA20D1957056B00626A37 /* Products */,
			);
			sourceTree = "<group>";
		};
		199EA20D1957056B00626A37 /* Products */ = {
			isa = PBXGroup;
			children = (
				199EA20C1957056B00626A37 /* Demo2_nib.app */,
				199EA22D1957056C00626A37 /* Demo2_nibTests.xctest */,
			);
			name = Products;
			sourceTree = "<group>";
		};
		199EA20E1957056B00626A37 /* Frameworks */ = {
			isa = PBXGroup;
			children = (
				199EA20F1957056B00626A37 /* Foundation.framework */,
				199EA2111957056B00626A37 /* CoreGraphics.framework */,
				199EA2131957056B00626A37 /* UIKit.framework */,
				199EA22E1957056C00626A37 /* XCTest.framework */,
			);
			name = Frameworks;
			sourceTree = "<group>";
		};
		199EA2151957056C00626A37 /* Demo2_nib */ = {
			isa = PBXGroup;
			children = (
				199EA21E1957056C00626A37 /* TRAppDelegate.h */,
				199EA21F1957056C00626A37 /* TRAppDelegate.m */,
				199EA2211957056C00626A37 /* Main.storyboard */,
				199EA2241957056C00626A37 /* TRViewController.h */,
				199EA2251957056C00626A37 /* TRViewController.m */,
				199EA2271957056C00626A37 /* Images.xcassets */,
				199EA2161957056C00626A37 /* Supporting Files */,
			);
			path = Demo2_nib;
			sourceTree = "<group>";
		};
		199EA2161957056C00626A37 /* Supporting Files */ = {
			isa = PBXGroup;
			children = (
				199EA2171957056C00626A37 /* Demo2_nib-Info.plist */,
				199EA2181957056C00626A37 /* InfoPlist.strings */,
				199EA21B1957056C00626A37 /* main.m */,
				199EA21D1957056C00626A37 /* Demo2_nib-Prefix.pch */,
			);
			name = "Supporting Files";
			sourceTree = "<group>";
		};
		199EA2341957056C00626A37 /* Demo2_nibTests */ = {
			isa = PBXGroup;
			children = (
				199EA23A1957056C00626A37 /* Demo2_nibTests.m */,
				199EA2351957056C00626A37 /* Supporting Files */,
			);
			path = Demo2_nibTests;
			sourceTree = "<group>";
		};
		199EA2351957056C00626A37 /* Supporting Files */ = {
			isa = PBXGroup;
			children = (
				199EA2361957056C00626A37 /* Demo2_nibTests-Info.plist */,
				199EA2371957056C00626A37 /* InfoPlist.strings */,
			);
			name = "Supporting Files";
			sourceTree = "<group>";
		};
/* End PBXGroup section */

/* Begin PBXNativeTarget section */
		199EA20B1957056B00626A37 /* Demo2_nib */ = {
			isa = PBXNativeTarget;
			buildConfigurationList = 199EA23E1957056C00626A37 /* Build configuration list for PBXNativeTarget "Demo2_nib" */;
			buildPhases = (
				199EA2081957056B00626A37 /* Sources */,
				199EA2091957056B00626A37 /* Frameworks */,
				199EA20A1957056B00626A37 /* Resources */,
			);
			buildRules = (
			);
			dependencies = (
			);
			name = Demo2_nib;
			productName = Demo2_nib;
			productReference = 199EA20C1957056B00626A37 /* Demo2_nib.app */;
			productType = "com.apple.product-type.application";
		};
		199EA22C1957056C00626A37 /* Demo2_nibTests */ = {
			isa = PBXNativeTarget;
			buildConfigurationList = 199EA2411957056C00626A37 /* Build configuration list for PBXNativeTarget "Demo2_nibTests" */;
			buildPhases = (
				199EA2291957056C00626A37 /* Sources */,
				199EA22A1957056C00626A37 /* Frameworks */,
				199EA22B1957056C00626A37 /* Resources */,
			);
			buildRules = (
			);
			dependencies = (
				199EA2331957056C00626A37 /* PBXTargetDependency */,
			);
			name = Demo2_nibTests;
			productName = Demo2_nibTests;
			productReference = 199EA22D1957056C00626A37 /* Demo2_nibTests.xctest */;
			productType = "com.apple.product-type.bundle.unit-test";
		};
/* End PBXNativeTarget section */

/* Begin PBXProject section */
		199EA2041957056B00626A37 /* Project object */ = {
			isa = PBXProject;
			attributes = {
				CLASSPREFIX = TR;
				LastUpgradeCheck = 0510;
				ORGANIZATIONNAME = MobileApp;
				TargetAttributes = {
					199EA22C1957056C00626A37 = {
						TestTargetID = 199EA20B1957056B00626A37;
					};
				};
			};
			buildConfigurationList = 199EA2071957056B00626A37 /* Build configuration list for PBXProject "Demo2_nib" */;
			compatibilityVersion = "Xcode 3.2";
			developmentRegion = English;
			hasScannedForEncodings = 0;
			knownRegions = (
				en,
				Base,
			);
			mainGroup = 199EA2031957056B00626A37;
			productRefGroup = 199EA20D1957056B00626A37 /* Products */;
			projectDirPath = "";
			projectRoot = "";
			targets = (
				199EA20B1957056B00626A37 /* Demo2_nib */,
				199EA22C1957056C00626A37 /* Demo2_nibTests */,
			);
		};
/* End PBXProject section */

/* Begin PBXResourcesBuildPhase section */
		199EA20A1957056B00626A37 /* Resources */ = {
			isa = PBXResourcesBuildPhase;
			buildActionMask = 2147483647;
			files = (
				199EA2281957056C00626A37 /* Images.xcassets in Resources */,
				199EA21A1957056C00626A37 /* InfoPlist.strings in Resources */,
				199EA2231957056C00626A37 /* Main.storyboard in Resources */,
			);
			runOnlyForDeploymentPostprocessing = 0;
		};
		199EA22B1957056C00626A37 /* Resources */ = {
			isa = PBXResourcesBuildPhase;
			buildActionMask = 2147483647;
			files = (
				199EA2391957056C00626A37 /* InfoPlist.strings in Resources */,
			);
			runOnlyForDeploymentPostprocessing = 0;
		};
/* End PBXResourcesBuildPhase section */

/* Begin PBXSourcesBuildPhase section */
		199EA2081957056B00626A37 /* Sources */ = {
			isa = PBXSourcesBuildPhase;
			buildActionMask = 2147483647;
			files = (
				199EA2201957056C00626A37 /* TRAppDelegate.m in Sources */,
				199EA21C1957056C00626A37 /* main.m in Sources */,
				199EA2261957056C00626A37 /* TRViewController.m in Sources */,
			);
			runOnlyForDeploymentPostprocessing = 0;
		};
		199EA2291957056C00626A37 /* Sources */ = {
			isa = PBXSourcesBuildPhase;
			buildActionMask = 2147483647;
			files = (
				199EA23B1957056C00626A37 /* Demo2_nibTests.m in Sources */,
			);
			runOnlyForDeploymentPostprocessing = 0;
		};
/* End PBXSourcesBuildPhase section */

/* Begin PBXTargetDependency section */
		199EA2331957056C00626A37 /* PBXTargetDependency */ = {
			isa = PBXTargetDependency;
			target = 199EA20B1957056B00626A37 /* Demo2_nib */;
			targetProxy = 199EA2321957056C00626A37 /* PBXContainerItemProxy */;
		};
/* End PBXTargetDependency section */

/* Begin PBXVariantGroup section */
		199EA2181957056C00626A37 /* InfoPlist.strings */ = {
			isa = PBXVariantGroup;
			children = (
				199EA2191957056C00626A37 /* en */,
			);
			name = InfoPlist.strings;
			sourceTree = "<group>";
		};
		199EA2211957056C00626A37 /* Main.storyboard */ = {
			isa = PBXVariantGroup;
			children = (
				199EA2221957056C00626A37 /* Base */,
			);
			name = Main.storyboard;
			sourceTree = "<group>";
		};
		199EA2371957056C00626A37 /* InfoPlist.strings */ = {
			isa = PBXVariantGroup;
			children = (
				199EA2381957056C00626A37 /* en */,
			);
			name = InfoPlist.strings;
			sourceTree = "<group>";
		};
/* End PBXVariantGroup section */

/* Begin XCBuildConfiguration section */
		199EA23C1957056C00626A37 /* Debug */ = {
			isa = XCBuildConfiguration;
			buildSettings = {
				ALWAYS_SEARCH_USER_PATHS = NO;
				CLANG_CXX_LANGUAGE_STANDARD = "gnu++0x";
				CLANG_CXX_LIBRARY = "libc++";
				CLANG_ENABLE_MODULES = YES;
				CLANG_ENABLE_OBJC_ARC = YES;
				CLANG_WARN_BOOL_CONVERSION = YES;
				CLANG_WARN_CONSTANT_CONVERSION = YES;
				CLANG_WARN_DIRECT_OBJC_ISA_USAGE = YES_ERROR;
				CLANG_WARN_EMPTY_BODY = YES;
				CLANG_WARN_ENUM_CONVERSION = YES;
				CLANG_WARN_INT_CONVERSION = YES;
				CLANG_WARN_OBJC_ROOT_CLASS = YES_ERROR;
				CLANG_WARN__DUPLICATE_METHOD_MATCH = YES;
				"CODE_SIGN_IDENTITY[sdk=iphoneos*]" = "iPhone Developer";
				COPY_PHASE_STRIP = NO;
				GCC_C_LANGUAGE_STANDARD = gnu99;
				GCC_DYNAMIC_NO_PIC = NO;
				GCC_OPTIMIZATION_LEVEL = 0;
				GCC_PREPROCESSOR_DEFINITIONS = (
					"DEBUG=1",
					"$(inherited)",
				);
				GCC_SYMBOLS_PRIVATE_EXTERN = NO;
				GCC_WARN_64_TO_32_BIT_CONVERSION = YES;
				GCC_WARN_ABOUT_RETURN_TYPE = YES_ERROR;
				GCC_WARN_UNDECLARED_SELECTOR = YES;
				GCC_WARN_UNINITIALIZED_AUTOS = YES_AGGRESSIVE;
				GCC_WARN_UNUSED_FUNCTION = YES;
				GCC_WARN_UNUSED_VARIABLE = YES;
				IPHONEOS_DEPLOYMENT_TARGET = 7.1;
				ONLY_ACTIVE_ARCH = YES;
				SDKROOT = iphoneos;
			};
			name = Debug;
		};
		199EA23D1957056C00626A37 /* Release */ = {
			isa = XCBuildConfiguration;
			buildSettings = {
				ALWAYS_SEARCH_USER_PATHS = NO;
				CLANG_CXX_LANGUAGE_STANDARD = "gnu++0x";
				CLANG_CXX_LIBRARY = "libc++";
				CLANG_ENABLE_MODULES = YES;
				CLANG_ENABLE_OBJC_ARC = YES;
				CLANG_WARN_BOOL_CONVERSION = YES;
				CLANG_WARN_CONSTANT_CONVERSION = YES;
				CLANG_WARN_DIRECT_OBJC_ISA_USAGE = YES_ERROR;
				CLANG_WARN_EMPTY_BODY = YES;
				CLANG_WARN_ENUM_CONVERSION = YES;
				CLANG_WARN_INT_CONVERSION = YES;
				CLANG_WARN_OBJC_ROOT_CLASS = YES_ERROR;
				CLANG_WARN__DUPLICATE_METHOD_MATCH = YES;
				"CODE_SIGN_IDENTITY[sdk=iphoneos*]" = "iPhone Developer";
				COPY_PHASE_STRIP = YES;
				ENABLE_NS_ASSERTIONS = NO;
				GCC_C_LANGUAGE_STANDARD = gnu99;
				GCC_WARN_64_TO_32_BIT_CONVERSION = YES;
				GCC_WARN_ABOUT_RETURN_TYPE = YES_ERROR;
				GCC_WARN_UNDECLARED_SELECTOR = YES;
				GCC_WARN_UNINITIALIZED_AUTOS = YES_AGGRESSIVE;
				GCC_WARN_UNUSED_FUNCTION = YES;
				GCC_WARN_UNUSED_VARIABLE = YES;
				IPHONEOS_DEPLOYMENT_TARGET = 7.1;
				SDKROOT = iphoneos;
				VALIDATE_PRODUCT = YES;
			};
			name = Release;
		};
		199EA23F1957056C00626A37 /* Debug */ = {
			isa = XCBuildConfiguration;
			buildSettings = {
				ASSETCATALOG_COMPILER_APPICON_NAME = AppIcon;
				ASSETCATALOG_COMPILER_LAUNCHIMAGE_NAME = LaunchImage;
				GCC_PRECOMPILE_PREFIX_HEADER = YES;
				GCC_PREFIX_HEADER = "Demo2_nib/Demo2_nib-Prefix.pch";
				INFOPLIST_FILE = "Demo2_nib/Demo2_nib-Info.plist";
				PRODUCT_NAME = "$(TARGET_NAME)";
				WRAPPER_EXTENSION = app;
			};
			name = Debug;
		};
		199EA2401957056C00626A37 /* Release */ = {
			isa = XCBuildConfiguration;
			buildSettings = {
				ASSETCATALOG_COMPILER_APPICON_NAME = AppIcon;
				ASSETCATALOG_COMPILER_LAUNCHIMAGE_NAME = LaunchImage;
				GCC_PRECOMPILE_PREFIX_HEADER = YES;
				GCC_PREFIX_HEADER = "Demo2_nib/Demo2_nib-Prefix.pch";
				INFOPLIST_FILE = "Demo2_nib/Demo2_nib-Info.plist";
				PRODUCT_NAME = "$(TARGET_NAME)";
				WRAPPER_EXTENSION = app;
			};
			name = Release;
		};
		199EA2421957056C00626A37 /* Debug */ = {
			isa = XCBuildConfiguration;
			buildSettings = {
				BUNDLE_LOADER = "$(BUILT_PRODUCTS_DIR)/Demo2_nib.app/Demo2_nib";
				FRAMEWORK_SEARCH_PATHS = (
					"$(SDKROOT)/Developer/Library/Frameworks",
					"$(inherited)",
					"$(DEVELOPER_FRAMEWORKS_DIR)",
				);
				GCC_PRECOMPILE_PREFIX_HEADER = YES;
				GCC_PREFIX_HEADER = "Demo2_nib/Demo2_nib-Prefix.pch";
				GCC_PREPROCESSOR_DEFINITIONS = (
					"DEBUG=1",
					"$(inherited)",
				);
				INFOPLIST_FILE = "Demo2_nibTests/Demo2_nibTests-Info.plist";
				PRODUCT_NAME = "$(TARGET_NAME)";
				TEST_HOST = "$(BUNDLE_LOADER)";
				WRAPPER_EXTENSION = xctest;
			};
			name = Debug;
		};
		199EA2431957056C00626A37 /* Release */ = {
			isa = XCBuildConfiguration;
			buildSettings = {
				BUNDLE_LOADER = "$(BUILT_PRODUCTS_DIR)/Demo2_nib.app/Demo2_nib";
				FRAMEWORK_SEARCH_PATHS = (
					"$(SDKROOT)/Developer/Library/Frameworks",
					"$(inherited)",
					"$(DEVELOPER_FRAMEWORKS_DIR)",
				);
				GCC_PRECOMPILE_PREFIX_HEADER = YES;
				GCC_PREFIX_HEADER = "Demo2_nib/Demo2_nib-Prefix.pch";
				INFOPLIST_FILE = "Demo2_nibTests/Demo2_nibTests-Info.plist";
				PRODUCT_NAME = "$(TARGET_NAME)";
				TEST_HOST = "$(BUNDLE_LOADER)";
				WRAPPER_EXTENSION = xctest;
			};
			name = Release;
		};
/* End XCBuildConfiguration section */

/* Begin XCConfigurationList section */
		199EA2071957056B00626A37 /* Build configuration list for PBXProject "Demo2_nib" */ = {
			isa = XCConfigurationList;
			buildConfigurations = (
				199EA23C1957056C00626A37 /* Debug */,
				199EA23D1957056C00626A37 /* Release */,
			);
			defaultConfigurationIsVisible = 0;
			defaultConfigurationName = Release;
		};
		199EA23E1957056C00626A37 /* Build configuration list for PBXNativeTarget "Demo2_nib" */ = {
			isa = XCConfigurationList;
			buildConfigurations = (
				199EA23F1957056C00626A37 /* Debug */,
				199EA2401957056C00626A37 /* Release */,
			);
			defaultConfigurationIsVisible = 0;
		};
		199EA2411957056C00626A37 /* Build configuration list for PBXNativeTarget "Demo2_nibTests" */ = {
			isa = XCConfigurationList;
			buildConfigurations = (
				199EA2421957056C00626A37 /* Debug */,
				199EA2431957056C00626A37 /* Release */,
			);
			defaultConfigurationIsVisible = 0;
		};
/* End XCConfigurationList section */
	};
	rootObject = 199EA2041957056B00626A37 /* Project object */;
}
