// !$*UTF8*$!
{
	archiveVersion = 1;
	classes = {
	};
	objectVersion = 46;
	objects = {

/* Begin PBXBuildFile section */
		1922D41C198A6C4B0028E4CB /* Foundation.framework in Frameworks */ = {isa = PBXBuildFile; fileRef = 1922D41B198A6C4B0028E4CB /* Foundation.framework */; };
		1922D41E198A6C4B0028E4CB /* CoreGraphics.framework in Frameworks */ = {isa = PBXBuildFile; fileRef = 1922D41D198A6C4B0028E4CB /* CoreGraphics.framework */; };
		1922D420198A6C4B0028E4CB /* UIKit.framework in Frameworks */ = {isa = PBXBuildFile; fileRef = 1922D41F198A6C4B0028E4CB /* UIKit.framework */; };
		1922D426198A6C4C0028E4CB /* InfoPlist.strings in Resources */ = {isa = PBXBuildFile; fileRef = 1922D424198A6C4C0028E4CB /* InfoPlist.strings */; };
		1922D428198A6C4C0028E4CB /* main.m in Sources */ = {isa = PBXBuildFile; fileRef = 1922D427198A6C4C0028E4CB /* main.m */; };
		1922D42C198A6C4C0028E4CB /* TRAppDelegate.m in Sources */ = {isa = PBXBuildFile; fileRef = 1922D42B198A6C4C0028E4CB /* TRAppDelegate.m */; };
		1922D42F198A6C4C0028E4CB /* Main.storyboard in Resources */ = {isa = PBXBuildFile; fileRef = 1922D42D198A6C4C0028E4CB /* Main.storyboard */; };
		1922D432198A6C4C0028E4CB /* TRViewController.m in Sources */ = {isa = PBXBuildFile; fileRef = 1922D431198A6C4C0028E4CB /* TRViewController.m */; };
		1922D434198A6C4C0028E4CB /* Images.xcassets in Resources */ = {isa = PBXBuildFile; fileRef = 1922D433198A6C4C0028E4CB /* Images.xcassets */; };
		1922D43B198A6C4C0028E4CB /* XCTest.framework in Frameworks */ = {isa = PBXBuildFile; fileRef = 1922D43A198A6C4C0028E4CB /* XCTest.framework */; };
		1922D43C198A6C4C0028E4CB /* Foundation.framework in Frameworks */ = {isa = PBXBuildFile; fileRef = 1922D41B198A6C4B0028E4CB /* Foundation.framework */; };
		1922D43D198A6C4C0028E4CB /* UIKit.framework in Frameworks */ = {isa = PBXBuildFile; fileRef = 1922D41F198A6C4B0028E4CB /* UIKit.framework */; };
		1922D445198A6C4C0028E4CB /* InfoPlist.strings in Resources */ = {isa = PBXBuildFile; fileRef = 1922D443198A6C4C0028E4CB /* InfoPlist.strings */; };
		1922D447198A6C4C0028E4CB /* Demo55_9Sllider_image_xcassetsTests.m in Sources */ = {isa = PBXBuildFile; fileRef = 1922D446198A6C4C0028E4CB /* Demo55_9Sllider_image_xcassetsTests.m */; };
/* End PBXBuildFile section */

/* Begin PBXContainerItemProxy section */
		1922D43E198A6C4C0028E4CB /* PBXContainerItemProxy */ = {
			isa = PBXContainerItemProxy;
			containerPortal = 1922D410198A6C4B0028E4CB /* Project object */;
			proxyType = 1;
			remoteGlobalIDString = 1922D417198A6C4B0028E4CB;
			remoteInfo = Demo55_9Sllider_image.xcassets;
		};
/* End PBXContainerItemProxy section */

/* Begin PBXFileReference section */
		1922D418198A6C4B0028E4CB /* Demo55_9Sllider_image.xcassets.app */ = {isa = PBXFileReference; explicitFileType = wrapper.application; includeInIndex = 0; path = Demo55_9Sllider_image.xcassets.app; sourceTree = BUILT_PRODUCTS_DIR; };
		1922D41B198A6C4B0028E4CB /* Foundation.framework */ = {isa = PBXFileReference; lastKnownFileType = wrapper.framework; name = Foundation.framework; path = System/Library/Frameworks/Foundation.framework; sourceTree = SDKROOT; };
		1922D41D198A6C4B0028E4CB /* CoreGraphics.framework */ = {isa = PBXFileReference; lastKnownFileType = wrapper.framework; name = CoreGraphics.framework; path = System/Library/Frameworks/CoreGraphics.framework; sourceTree = SDKROOT; };
		1922D41F198A6C4B0028E4CB /* UIKit.framework */ = {isa = PBXFileReference; lastKnownFileType = wrapper.framework; name = UIKit.framework; path = System/Library/Frameworks/UIKit.framework; sourceTree = SDKROOT; };
		1922D423198A6C4B0028E4CB /* Demo55_9Sllider_image.xcassets-Info.plist */ = {isa = PBXFileReference; lastKnownFileType = text.plist.xml; path = "Demo55_9Sllider_image.xcassets-Info.plist"; sourceTree = "<group>"; };
		1922D425198A6C4C0028E4CB /* en */ = {isa = PBXFileReference; lastKnownFileType = text.plist.strings; name = en; path = en.lproj/InfoPlist.strings; sourceTree = "<group>"; };
		1922D427198A6C4C0028E4CB /* main.m */ = {isa = PBXFileReference; lastKnownFileType = sourcecode.c.objc; path = main.m; sourceTree = "<group>"; };
		1922D429198A6C4C0028E4CB /* Demo55_9Sllider_image.xcassets-Prefix.pch */ = {isa = PBXFileReference; lastKnownFileType = sourcecode.c.h; path = "Demo55_9Sllider_image.xcassets-Prefix.pch"; sourceTree = "<group>"; };
		1922D42A198A6C4C0028E4CB /* TRAppDelegate.h */ = {isa = PBXFileReference; lastKnownFileType = sourcecode.c.h; path = TRAppDelegate.h; sourceTree = "<group>"; };
		1922D42B198A6C4C0028E4CB /* TRAppDelegate.m */ = {isa = PBXFileReference; lastKnownFileType = sourcecode.c.objc; path = TRAppDelegate.m; sourceTree = "<group>"; };
		1922D42E198A6C4C0028E4CB /* Base */ = {isa = PBXFileReference; lastKnownFileType = file.storyboard; name = Base; path = Base.lproj/Main.storyboard; sourceTree = "<group>"; };
		1922D430198A6C4C0028E4CB /* TRViewController.h */ = {isa = PBXFileReference; lastKnownFileType = sourcecode.c.h; path = TRViewController.h; sourceTree = "<group>"; };
		1922D431198A6C4C0028E4CB /* TRViewController.m */ = {isa = PBXFileReference; lastKnownFileType = sourcecode.c.objc; path = TRViewController.m; sourceTree = "<group>"; };
		1922D433198A6C4C0028E4CB /* Images.xcassets */ = {isa = PBXFileReference; lastKnownFileType = folder.assetcatalog; path = Images.xcassets; sourceTree = "<group>"; };
		1922D439198A6C4C0028E4CB /* Demo55_9Sllider_image.xcassetsTests.xctest */ = {isa = PBXFileReference; explicitFileType = wrapper.cfbundle; includeInIndex = 0; path = Demo55_9Sllider_image.xcassetsTests.xctest; sourceTree = BUILT_PRODUCTS_DIR; };
		1922D43A198A6C4C0028E4CB /* XCTest.framework */ = {isa = PBXFileReference; lastKnownFileType = wrapper.framework; name = XCTest.framework; path = Library/Frameworks/XCTest.framework; sourceTree = DEVELOPER_DIR; };
		1922D442198A6C4C0028E4CB /* Demo55_9Sllider_image.xcassetsTests-Info.plist */ = {isa = PBXFileReference; lastKnownFileType = text.plist.xml; path = "Demo55_9Sllider_image.xcassetsTests-Info.plist"; sourceTree = "<group>"; };
		1922D444198A6C4C0028E4CB /* en */ = {isa = PBXFileReference; lastKnownFileType = text.plist.strings; name = en; path = en.lproj/InfoPlist.strings; sourceTree = "<group>"; };
		1922D446198A6C4C0028E4CB /* Demo55_9Sllider_image_xcassetsTests.m */ = {isa = PBXFileReference; lastKnownFileType = sourcecode.c.objc; path = Demo55_9Sllider_image_xcassetsTests.m; sourceTree = "<group>"; };
/* End PBXFileReference section */

/* Begin PBXFrameworksBuildPhase section */
		1922D415198A6C4B0028E4CB /* Frameworks */ = {
			isa = PBXFrameworksBuildPhase;
			buildActionMask = 2147483647;
			files = (
				1922D41E198A6C4B0028E4CB /* CoreGraphics.framework in Frameworks */,
				1922D420198A6C4B0028E4CB /* UIKit.framework in Frameworks */,
				1922D41C198A6C4B0028E4CB /* Foundation.framework in Frameworks */,
			);
			runOnlyForDeploymentPostprocessing = 0;
		};
		1922D436198A6C4C0028E4CB /* Frameworks */ = {
			isa = PBXFrameworksBuildPhase;
			buildActionMask = 2147483647;
			files = (
				1922D43B198A6C4C0028E4CB /* XCTest.framework in Frameworks */,
				1922D43D198A6C4C0028E4CB /* UIKit.framework in Frameworks */,
				1922D43C198A6C4C0028E4CB /* Foundation.framework in Frameworks */,
			);
			runOnlyForDeploymentPostprocessing = 0;
		};
/* End PBXFrameworksBuildPhase section */

/* Begin PBXGroup section */
		1922D40F198A6C4B0028E4CB = {
			isa = PBXGroup;
			children = (
				1922D421198A6C4B0028E4CB /* Demo55_9Sllider_image.xcassets */,
				1922D440198A6C4C0028E4CB /* Demo55_9Sllider_image.xcassetsTests */,
				1922D41A198A6C4B0028E4CB /* Frameworks */,
				1922D419198A6C4B0028E4CB /* Products */,
			);
			sourceTree = "<group>";
		};
		1922D419198A6C4B0028E4CB /* Products */ = {
			isa = PBXGroup;
			children = (
				1922D418198A6C4B0028E4CB /* Demo55_9Sllider_image.xcassets.app */,
				1922D439198A6C4C0028E4CB /* Demo55_9Sllider_image.xcassetsTests.xctest */,
			);
			name = Products;
			sourceTree = "<group>";
		};
		1922D41A198A6C4B0028E4CB /* Frameworks */ = {
			isa = PBXGroup;
			children = (
				1922D41B198A6C4B0028E4CB /* Foundation.framework */,
				1922D41D198A6C4B0028E4CB /* CoreGraphics.framework */,
				1922D41F198A6C4B0028E4CB /* UIKit.framework */,
				1922D43A198A6C4C0028E4CB /* XCTest.framework */,
			);
			name = Frameworks;
			sourceTree = "<group>";
		};
		1922D421198A6C4B0028E4CB /* Demo55_9Sllider_image.xcassets */ = {
			isa = PBXGroup;
			children = (
				1922D42A198A6C4C0028E4CB /* TRAppDelegate.h */,
				1922D42B198A6C4C0028E4CB /* TRAppDelegate.m */,
				1922D42D198A6C4C0028E4CB /* Main.storyboard */,
				1922D430198A6C4C0028E4CB /* TRViewController.h */,
				1922D431198A6C4C0028E4CB /* TRViewController.m */,
				1922D433198A6C4C0028E4CB /* Images.xcassets */,
				1922D422198A6C4B0028E4CB /* Supporting Files */,
			);
			path = Demo55_9Sllider_image.xcassets;
			sourceTree = "<group>";
		};
		1922D422198A6C4B0028E4CB /* Supporting Files */ = {
			isa = PBXGroup;
			children = (
				1922D423198A6C4B0028E4CB /* Demo55_9Sllider_image.xcassets-Info.plist */,
				1922D424198A6C4C0028E4CB /* InfoPlist.strings */,
				1922D427198A6C4C0028E4CB /* main.m */,
				1922D429198A6C4C0028E4CB /* Demo55_9Sllider_image.xcassets-Prefix.pch */,
			);
			name = "Supporting Files";
			sourceTree = "<group>";
		};
		1922D440198A6C4C0028E4CB /* Demo55_9Sllider_image.xcassetsTests */ = {
			isa = PBXGroup;
			children = (
				1922D446198A6C4C0028E4CB /* Demo55_9Sllider_image_xcassetsTests.m */,
				1922D441198A6C4C0028E4CB /* Supporting Files */,
			);
			path = Demo55_9Sllider_image.xcassetsTests;
			sourceTree = "<group>";
		};
		1922D441198A6C4C0028E4CB /* Supporting Files */ = {
			isa = PBXGroup;
			children = (
				1922D442198A6C4C0028E4CB /* Demo55_9Sllider_image.xcassetsTests-Info.plist */,
				1922D443198A6C4C0028E4CB /* InfoPlist.strings */,
			);
			name = "Supporting Files";
			sourceTree = "<group>";
		};
/* End PBXGroup section */

/* Begin PBXNativeTarget section */
		1922D417198A6C4B0028E4CB /* Demo55_9Sllider_image.xcassets */ = {
			isa = PBXNativeTarget;
			buildConfigurationList = 1922D44A198A6C4C0028E4CB /* Build configuration list for PBXNativeTarget "Demo55_9Sllider_image.xcassets" */;
			buildPhases = (
				1922D414198A6C4B0028E4CB /* Sources */,
				1922D415198A6C4B0028E4CB /* Frameworks */,
				1922D416198A6C4B0028E4CB /* Resources */,
			);
			buildRules = (
			);
			dependencies = (
			);
			name = Demo55_9Sllider_image.xcassets;
			productName = Demo55_9Sllider_image.xcassets;
			productReference = 1922D418198A6C4B0028E4CB /* Demo55_9Sllider_image.xcassets.app */;
			productType = "com.apple.product-type.application";
		};
		1922D438198A6C4C0028E4CB /* Demo55_9Sllider_image.xcassetsTests */ = {
			isa = PBXNativeTarget;
			buildConfigurationList = 1922D44D198A6C4C0028E4CB /* Build configuration list for PBXNativeTarget "Demo55_9Sllider_image.xcassetsTests" */;
			buildPhases = (
				1922D435198A6C4C0028E4CB /* Sources */,
				1922D436198A6C4C0028E4CB /* Frameworks */,
				1922D437198A6C4C0028E4CB /* Resources */,
			);
			buildRules = (
			);
			dependencies = (
				1922D43F198A6C4C0028E4CB /* PBXTargetDependency */,
			);
			name = Demo55_9Sllider_image.xcassetsTests;
			productName = Demo55_9Sllider_image.xcassetsTests;
			productReference = 1922D439198A6C4C0028E4CB /* Demo55_9Sllider_image.xcassetsTests.xctest */;
			productType = "com.apple.product-type.bundle.unit-test";
		};
/* End PBXNativeTarget section */

/* Begin PBXProject section */
		1922D410198A6C4B0028E4CB /* Project object */ = {
			isa = PBXProject;
			attributes = {
				CLASSPREFIX = TR;
				LastUpgradeCheck = 0510;
				ORGANIZATIONNAME = MobileApp;
				TargetAttributes = {
					1922D438198A6C4C0028E4CB = {
						TestTargetID = 1922D417198A6C4B0028E4CB;
					};
				};
			};
			buildConfigurationList = 1922D413198A6C4B0028E4CB /* Build configuration list for PBXProject "Demo55_9Sllider_image.xcassets" */;
			compatibilityVersion = "Xcode 3.2";
			developmentRegion = English;
			hasScannedForEncodings = 0;
			knownRegions = (
				en,
				Base,
			);
			mainGroup = 1922D40F198A6C4B0028E4CB;
			productRefGroup = 1922D419198A6C4B0028E4CB /* Products */;
			projectDirPath = "";
			projectRoot = "";
			targets = (
				1922D417198A6C4B0028E4CB /* Demo55_9Sllider_image.xcassets */,
				1922D438198A6C4C0028E4CB /* Demo55_9Sllider_image.xcassetsTests */,
			);
		};
/* End PBXProject section */

/* Begin PBXResourcesBuildPhase section */
		1922D416198A6C4B0028E4CB /* Resources */ = {
			isa = PBXResourcesBuildPhase;
			buildActionMask = 2147483647;
			files = (
				1922D434198A6C4C0028E4CB /* Images.xcassets in Resources */,
				1922D426198A6C4C0028E4CB /* InfoPlist.strings in Resources */,
				1922D42F198A6C4C0028E4CB /* Main.storyboard in Resources */,
			);
			runOnlyForDeploymentPostprocessing = 0;
		};
		1922D437198A6C4C0028E4CB /* Resources */ = {
			isa = PBXResourcesBuildPhase;
			buildActionMask = 2147483647;
			files = (
				1922D445198A6C4C0028E4CB /* InfoPlist.strings in Resources */,
			);
			runOnlyForDeploymentPostprocessing = 0;
		};
/* End PBXResourcesBuildPhase section */

/* Begin PBXSourcesBuildPhase section */
		1922D414198A6C4B0028E4CB /* Sources */ = {
			isa = PBXSourcesBuildPhase;
			buildActionMask = 2147483647;
			files = (
				1922D42C198A6C4C0028E4CB /* TRAppDelegate.m in Sources */,
				1922D428198A6C4C0028E4CB /* main.m in Sources */,
				1922D432198A6C4C0028E4CB /* TRViewController.m in Sources */,
			);
			runOnlyForDeploymentPostprocessing = 0;
		};
		1922D435198A6C4C0028E4CB /* Sources */ = {
			isa = PBXSourcesBuildPhase;
			buildActionMask = 2147483647;
			files = (
				1922D447198A6C4C0028E4CB /* Demo55_9Sllider_image_xcassetsTests.m in Sources */,
			);
			runOnlyForDeploymentPostprocessing = 0;
		};
/* End PBXSourcesBuildPhase section */

/* Begin PBXTargetDependency section */
		1922D43F198A6C4C0028E4CB /* PBXTargetDependency */ = {
			isa = PBXTargetDependency;
			target = 1922D417198A6C4B0028E4CB /* Demo55_9Sllider_image.xcassets */;
			targetProxy = 1922D43E198A6C4C0028E4CB /* PBXContainerItemProxy */;
		};
/* End PBXTargetDependency section */

/* Begin PBXVariantGroup section */
		1922D424198A6C4C0028E4CB /* InfoPlist.strings */ = {
			isa = PBXVariantGroup;
			children = (
				1922D425198A6C4C0028E4CB /* en */,
			);
			name = InfoPlist.strings;
			sourceTree = "<group>";
		};
		1922D42D198A6C4C0028E4CB /* Main.storyboard */ = {
			isa = PBXVariantGroup;
			children = (
				1922D42E198A6C4C0028E4CB /* Base */,
			);
			name = Main.storyboard;
			sourceTree = "<group>";
		};
		1922D443198A6C4C0028E4CB /* InfoPlist.strings */ = {
			isa = PBXVariantGroup;
			children = (
				1922D444198A6C4C0028E4CB /* en */,
			);
			name = InfoPlist.strings;
			sourceTree = "<group>";
		};
/* End PBXVariantGroup section */

/* Begin XCBuildConfiguration section */
		1922D448198A6C4C0028E4CB /* Debug */ = {
			isa = XCBuildConfiguration;
			buildSettings = {
				ALWAYS_SEARCH_USER_PATHS = NO;
				CLANG_CXX_LANGUAGE_STANDARD = "gnu++0x";
				CLANG_CXX_LIBRARY = "libc++";
				CLANG_ENABLE_MODULES = YES;
				CLANG_ENABLE_OBJC_ARC = YES;
				CLANG_WARN_BOOL_CONVERSION = YES;
				CLANG_WARN_CONSTANT_CONVERSION = YES;
				CLANG_WARN_DIRECT_OBJC_ISA_USAGE = YES_ERROR;
				CLANG_WARN_EMPTY_BODY = YES;
				CLANG_WARN_ENUM_CONVERSION = YES;
				CLANG_WARN_INT_CONVERSION = YES;
				CLANG_WARN_OBJC_ROOT_CLASS = YES_ERROR;
				CLANG_WARN__DUPLICATE_METHOD_MATCH = YES;
				"CODE_SIGN_IDENTITY[sdk=iphoneos*]" = "iPhone Developer";
				COPY_PHASE_STRIP = NO;
				GCC_C_LANGUAGE_STANDARD = gnu99;
				GCC_DYNAMIC_NO_PIC = NO;
				GCC_OPTIMIZATION_LEVEL = 0;
				GCC_PREPROCESSOR_DEFINITIONS = (
					"DEBUG=1",
					"$(inherited)",
				);
				GCC_SYMBOLS_PRIVATE_EXTERN = NO;
				GCC_WARN_64_TO_32_BIT_CONVERSION = YES;
				GCC_WARN_ABOUT_RETURN_TYPE = YES_ERROR;
				GCC_WARN_UNDECLARED_SELECTOR = YES;
				GCC_WARN_UNINITIALIZED_AUTOS = YES_AGGRESSIVE;
				GCC_WARN_UNUSED_FUNCTION = YES;
				GCC_WARN_UNUSED_VARIABLE = YES;
				IPHONEOS_DEPLOYMENT_TARGET = 7.1;
				ONLY_ACTIVE_ARCH = YES;
				SDKROOT = iphoneos;
			};
			name = Debug;
		};
		1922D449198A6C4C0028E4CB /* Release */ = {
			isa = XCBuildConfiguration;
			buildSettings = {
				ALWAYS_SEARCH_USER_PATHS = NO;
				CLANG_CXX_LANGUAGE_STANDARD = "gnu++0x";
				CLANG_CXX_LIBRARY = "libc++";
				CLANG_ENABLE_MODULES = YES;
				CLANG_ENABLE_OBJC_ARC = YES;
				CLANG_WARN_BOOL_CONVERSION = YES;
				CLANG_WARN_CONSTANT_CONVERSION = YES;
				CLANG_WARN_DIRECT_OBJC_ISA_USAGE = YES_ERROR;
				CLANG_WARN_EMPTY_BODY = YES;
				CLANG_WARN_ENUM_CONVERSION = YES;
				CLANG_WARN_INT_CONVERSION = YES;
				CLANG_WARN_OBJC_ROOT_CLASS = YES_ERROR;
				CLANG_WARN__DUPLICATE_METHOD_MATCH = YES;
				"CODE_SIGN_IDENTITY[sdk=iphoneos*]" = "iPhone Developer";
				COPY_PHASE_STRIP = YES;
				ENABLE_NS_ASSERTIONS = NO;
				GCC_C_LANGUAGE_STANDARD = gnu99;
				GCC_WARN_64_TO_32_BIT_CONVERSION = YES;
				GCC_WARN_ABOUT_RETURN_TYPE = YES_ERROR;
				GCC_WARN_UNDECLARED_SELECTOR = YES;
				GCC_WARN_UNINITIALIZED_AUTOS = YES_AGGRESSIVE;
				GCC_WARN_UNUSED_FUNCTION = YES;
				GCC_WARN_UNUSED_VARIABLE = YES;
				IPHONEOS_DEPLOYMENT_TARGET = 7.1;
				SDKROOT = iphoneos;
				VALIDATE_PRODUCT = YES;
			};
			name = Release;
		};
		1922D44B198A6C4C0028E4CB /* Debug */ = {
			isa = XCBuildConfiguration;
			buildSettings = {
				ASSETCATALOG_COMPILER_APPICON_NAME = AppIcon;
				ASSETCATALOG_COMPILER_LAUNCHIMAGE_NAME = LaunchImage;
				GCC_PRECOMPILE_PREFIX_HEADER = YES;
				GCC_PREFIX_HEADER = "Demo55_9Sllider_image.xcassets/Demo55_9Sllider_image.xcassets-Prefix.pch";
				INFOPLIST_FILE = "Demo55_9Sllider_image.xcassets/Demo55_9Sllider_image.xcassets-Info.plist";
				PRODUCT_NAME = "$(TARGET_NAME)";
				WRAPPER_EXTENSION = app;
			};
			name = Debug;
		};
		1922D44C198A6C4C0028E4CB /* Release */ = {
			isa = XCBuildConfiguration;
			buildSettings = {
				ASSETCATALOG_COMPILER_APPICON_NAME = AppIcon;
				ASSETCATALOG_COMPILER_LAUNCHIMAGE_NAME = LaunchImage;
				GCC_PRECOMPILE_PREFIX_HEADER = YES;
				GCC_PREFIX_HEADER = "Demo55_9Sllider_image.xcassets/Demo55_9Sllider_image.xcassets-Prefix.pch";
				INFOPLIST_FILE = "Demo55_9Sllider_image.xcassets/Demo55_9Sllider_image.xcassets-Info.plist";
				PRODUCT_NAME = "$(TARGET_NAME)";
				WRAPPER_EXTENSION = app;
			};
			name = Release;
		};
		1922D44E198A6C4C0028E4CB /* Debug */ = {
			isa = XCBuildConfiguration;
			buildSettings = {
				BUNDLE_LOADER = "$(BUILT_PRODUCTS_DIR)/Demo55_9Sllider_image.xcassets.app/Demo55_9Sllider_image.xcassets";
				FRAMEWORK_SEARCH_PATHS = (
					"$(SDKROOT)/Developer/Library/Frameworks",
					"$(inherited)",
					"$(DEVELOPER_FRAMEWORKS_DIR)",
				);
				GCC_PRECOMPILE_PREFIX_HEADER = YES;
				GCC_PREFIX_HEADER = "Demo55_9Sllider_image.xcassets/Demo55_9Sllider_image.xcassets-Prefix.pch";
				GCC_PREPROCESSOR_DEFINITIONS = (
					"DEBUG=1",
					"$(inherited)",
				);
				INFOPLIST_FILE = "Demo55_9Sllider_image.xcassetsTests/Demo55_9Sllider_image.xcassetsTests-Info.plist";
				PRODUCT_NAME = "$(TARGET_NAME)";
				TEST_HOST = "$(BUNDLE_LOADER)";
				WRAPPER_EXTENSION = xctest;
			};
			name = Debug;
		};
		1922D44F198A6C4C0028E4CB /* Release */ = {
			isa = XCBuildConfiguration;
			buildSettings = {
				BUNDLE_LOADER = "$(BUILT_PRODUCTS_DIR)/Demo55_9Sllider_image.xcassets.app/Demo55_9Sllider_image.xcassets";
				FRAMEWORK_SEARCH_PATHS = (
					"$(SDKROOT)/Developer/Library/Frameworks",
					"$(inherited)",
					"$(DEVELOPER_FRAMEWORKS_DIR)",
				);
				GCC_PRECOMPILE_PREFIX_HEADER = YES;
				GCC_PREFIX_HEADER = "Demo55_9Sllider_image.xcassets/Demo55_9Sllider_image.xcassets-Prefix.pch";
				INFOPLIST_FILE = "Demo55_9Sllider_image.xcassetsTests/Demo55_9Sllider_image.xcassetsTests-Info.plist";
				PRODUCT_NAME = "$(TARGET_NAME)";
				TEST_HOST = "$(BUNDLE_LOADER)";
				WRAPPER_EXTENSION = xctest;
			};
			name = Release;
		};
/* End XCBuildConfiguration section */

/* Begin XCConfigurationList section */
		1922D413198A6C4B0028E4CB /* Build configuration list for PBXProject "Demo55_9Sllider_image.xcassets" */ = {
			isa = XCConfigurationList;
			buildConfigurations = (
				1922D448198A6C4C0028E4CB /* Debug */,
				1922D449198A6C4C0028E4CB /* Release */,
			);
			defaultConfigurationIsVisible = 0;
			defaultConfigurationName = Release;
		};
		1922D44A198A6C4C0028E4CB /* Build configuration list for PBXNativeTarget "Demo55_9Sllider_image.xcassets" */ = {
			isa = XCConfigurationList;
			buildConfigurations = (
				1922D44B198A6C4C0028E4CB /* Debug */,
				1922D44C198A6C4C0028E4CB /* Release */,
			);
			defaultConfigurationIsVisible = 0;
		};
		1922D44D198A6C4C0028E4CB /* Build configuration list for PBXNativeTarget "Demo55_9Sllider_image.xcassetsTests" */ = {
			isa = XCConfigurationList;
			buildConfigurations = (
				1922D44E198A6C4C0028E4CB /* Debug */,
				1922D44F198A6C4C0028E4CB /* Release */,
			);
			defaultConfigurationIsVisible = 0;
		};
/* End XCConfigurationList section */
	};
	rootObject = 1922D410198A6C4B0028E4CB /* Project object */;
}
