// !$*UTF8*$!
{
	archiveVersion = 1;
	classes = {
	};
	objectVersion = 46;
	objects = {

/* Begin PBXBuildFile section */
		192D8AAB19B816AF009B360B /* Foundation.framework in Frameworks */ = {isa = PBXBuildFile; fileRef = 192D8AAA19B816AF009B360B /* Foundation.framework */; };
		192D8AAD19B816AF009B360B /* CoreGraphics.framework in Frameworks */ = {isa = PBXBuildFile; fileRef = 192D8AAC19B816AF009B360B /* CoreGraphics.framework */; };
		192D8AAF19B816AF009B360B /* UIKit.framework in Frameworks */ = {isa = PBXBuildFile; fileRef = 192D8AAE19B816AF009B360B /* UIKit.framework */; };
		192D8AB519B816AF009B360B /* InfoPlist.strings in Resources */ = {isa = PBXBuildFile; fileRef = 192D8AB319B816AF009B360B /* InfoPlist.strings */; };
		192D8AB719B816AF009B360B /* main.m in Sources */ = {isa = PBXBuildFile; fileRef = 192D8AB619B816AF009B360B /* main.m */; };
		192D8ABB19B816AF009B360B /* TRAppDelegate.m in Sources */ = {isa = PBXBuildFile; fileRef = 192D8ABA19B816AF009B360B /* TRAppDelegate.m */; };
		192D8ABE19B816AF009B360B /* Main.storyboard in Resources */ = {isa = PBXBuildFile; fileRef = 192D8ABC19B816AF009B360B /* Main.storyboard */; };
		192D8AC119B816AF009B360B /* TRViewController.m in Sources */ = {isa = PBXBuildFile; fileRef = 192D8AC019B816AF009B360B /* TRViewController.m */; };
		192D8AC319B816AF009B360B /* Images.xcassets in Resources */ = {isa = PBXBuildFile; fileRef = 192D8AC219B816AF009B360B /* Images.xcassets */; };
		192D8ACA19B816AF009B360B /* XCTest.framework in Frameworks */ = {isa = PBXBuildFile; fileRef = 192D8AC919B816AF009B360B /* XCTest.framework */; };
		192D8ACB19B816AF009B360B /* Foundation.framework in Frameworks */ = {isa = PBXBuildFile; fileRef = 192D8AAA19B816AF009B360B /* Foundation.framework */; };
		192D8ACC19B816AF009B360B /* UIKit.framework in Frameworks */ = {isa = PBXBuildFile; fileRef = 192D8AAE19B816AF009B360B /* UIKit.framework */; };
		192D8AD419B816AF009B360B /* InfoPlist.strings in Resources */ = {isa = PBXBuildFile; fileRef = 192D8AD219B816AF009B360B /* InfoPlist.strings */; };
		192D8AD619B816AF009B360B /* Demo44_JSONTests.m in Sources */ = {isa = PBXBuildFile; fileRef = 192D8AD519B816AF009B360B /* Demo44_JSONTests.m */; };
		192D8AF919B81BFA009B360B /* NSObject+SBJson.m in Sources */ = {isa = PBXBuildFile; fileRef = 192D8AE119B81BFA009B360B /* NSObject+SBJson.m */; };
		192D8AFA19B81BFA009B360B /* SBJsonParser.m in Sources */ = {isa = PBXBuildFile; fileRef = 192D8AE419B81BFA009B360B /* SBJsonParser.m */; };
		192D8AFB19B81BFA009B360B /* SBJsonStreamParser.m in Sources */ = {isa = PBXBuildFile; fileRef = 192D8AE619B81BFA009B360B /* SBJsonStreamParser.m */; };
		192D8AFC19B81BFA009B360B /* SBJsonStreamParserAccumulator.m in Sources */ = {isa = PBXBuildFile; fileRef = 192D8AE819B81BFA009B360B /* SBJsonStreamParserAccumulator.m */; };
		192D8AFD19B81BFA009B360B /* SBJsonStreamParserAdapter.m in Sources */ = {isa = PBXBuildFile; fileRef = 192D8AEA19B81BFA009B360B /* SBJsonStreamParserAdapter.m */; };
		192D8AFE19B81BFA009B360B /* SBJsonStreamParserState.m in Sources */ = {isa = PBXBuildFile; fileRef = 192D8AEC19B81BFA009B360B /* SBJsonStreamParserState.m */; };
		192D8AFF19B81BFA009B360B /* SBJsonStreamWriter.m in Sources */ = {isa = PBXBuildFile; fileRef = 192D8AEE19B81BFA009B360B /* SBJsonStreamWriter.m */; };
		192D8B0019B81BFA009B360B /* SBJsonStreamWriterAccumulator.m in Sources */ = {isa = PBXBuildFile; fileRef = 192D8AF019B81BFA009B360B /* SBJsonStreamWriterAccumulator.m */; };
		192D8B0119B81BFA009B360B /* SBJsonStreamWriterState.m in Sources */ = {isa = PBXBuildFile; fileRef = 192D8AF219B81BFA009B360B /* SBJsonStreamWriterState.m */; };
		192D8B0219B81BFA009B360B /* SBJsonTokeniser.m in Sources */ = {isa = PBXBuildFile; fileRef = 192D8AF419B81BFA009B360B /* SBJsonTokeniser.m */; };
		192D8B0319B81BFA009B360B /* SBJsonUTF8Stream.m in Sources */ = {isa = PBXBuildFile; fileRef = 192D8AF619B81BFA009B360B /* SBJsonUTF8Stream.m */; };
		192D8B0419B81BFA009B360B /* SBJsonWriter.m in Sources */ = {isa = PBXBuildFile; fileRef = 192D8AF819B81BFA009B360B /* SBJsonWriter.m */; };
/* End PBXBuildFile section */

/* Begin PBXContainerItemProxy section */
		192D8ACD19B816AF009B360B /* PBXContainerItemProxy */ = {
			isa = PBXContainerItemProxy;
			containerPortal = 192D8A9F19B816AF009B360B /* Project object */;
			proxyType = 1;
			remoteGlobalIDString = 192D8AA619B816AF009B360B;
			remoteInfo = Demo44_JSON;
		};
/* End PBXContainerItemProxy section */

/* Begin PBXFileReference section */
		192D8AA719B816AF009B360B /* Demo44_JSON.app */ = {isa = PBXFileReference; explicitFileType = wrapper.application; includeInIndex = 0; path = Demo44_JSON.app; sourceTree = BUILT_PRODUCTS_DIR; };
		192D8AAA19B816AF009B360B /* Foundation.framework */ = {isa = PBXFileReference; lastKnownFileType = wrapper.framework; name = Foundation.framework; path = System/Library/Frameworks/Foundation.framework; sourceTree = SDKROOT; };
		192D8AAC19B816AF009B360B /* CoreGraphics.framework */ = {isa = PBXFileReference; lastKnownFileType = wrapper.framework; name = CoreGraphics.framework; path = System/Library/Frameworks/CoreGraphics.framework; sourceTree = SDKROOT; };
		192D8AAE19B816AF009B360B /* UIKit.framework */ = {isa = PBXFileReference; lastKnownFileType = wrapper.framework; name = UIKit.framework; path = System/Library/Frameworks/UIKit.framework; sourceTree = SDKROOT; };
		192D8AB219B816AF009B360B /* Demo44_JSON-Info.plist */ = {isa = PBXFileReference; lastKnownFileType = text.plist.xml; path = "Demo44_JSON-Info.plist"; sourceTree = "<group>"; };
		192D8AB419B816AF009B360B /* en */ = {isa = PBXFileReference; lastKnownFileType = text.plist.strings; name = en; path = en.lproj/InfoPlist.strings; sourceTree = "<group>"; };
		192D8AB619B816AF009B360B /* main.m */ = {isa = PBXFileReference; lastKnownFileType = sourcecode.c.objc; path = main.m; sourceTree = "<group>"; };
		192D8AB819B816AF009B360B /* Demo44_JSON-Prefix.pch */ = {isa = PBXFileReference; lastKnownFileType = sourcecode.c.h; path = "Demo44_JSON-Prefix.pch"; sourceTree = "<group>"; };
		192D8AB919B816AF009B360B /* TRAppDelegate.h */ = {isa = PBXFileReference; lastKnownFileType = sourcecode.c.h; path = TRAppDelegate.h; sourceTree = "<group>"; };
		192D8ABA19B816AF009B360B /* TRAppDelegate.m */ = {isa = PBXFileReference; lastKnownFileType = sourcecode.c.objc; path = TRAppDelegate.m; sourceTree = "<group>"; };
		192D8ABD19B816AF009B360B /* Base */ = {isa = PBXFileReference; lastKnownFileType = file.storyboard; name = Base; path = Base.lproj/Main.storyboard; sourceTree = "<group>"; };
		192D8ABF19B816AF009B360B /* TRViewController.h */ = {isa = PBXFileReference; lastKnownFileType = sourcecode.c.h; path = TRViewController.h; sourceTree = "<group>"; };
		192D8AC019B816AF009B360B /* TRViewController.m */ = {isa = PBXFileReference; lastKnownFileType = sourcecode.c.objc; path = TRViewController.m; sourceTree = "<group>"; };
		192D8AC219B816AF009B360B /* Images.xcassets */ = {isa = PBXFileReference; lastKnownFileType = folder.assetcatalog; path = Images.xcassets; sourceTree = "<group>"; };
		192D8AC819B816AF009B360B /* Demo44_JSONTests.xctest */ = {isa = PBXFileReference; explicitFileType = wrapper.cfbundle; includeInIndex = 0; path = Demo44_JSONTests.xctest; sourceTree = BUILT_PRODUCTS_DIR; };
		192D8AC919B816AF009B360B /* XCTest.framework */ = {isa = PBXFileReference; lastKnownFileType = wrapper.framework; name = XCTest.framework; path = Library/Frameworks/XCTest.framework; sourceTree = DEVELOPER_DIR; };
		192D8AD119B816AF009B360B /* Demo44_JSONTests-Info.plist */ = {isa = PBXFileReference; lastKnownFileType = text.plist.xml; path = "Demo44_JSONTests-Info.plist"; sourceTree = "<group>"; };
		192D8AD319B816AF009B360B /* en */ = {isa = PBXFileReference; lastKnownFileType = text.plist.strings; name = en; path = en.lproj/InfoPlist.strings; sourceTree = "<group>"; };
		192D8AD519B816AF009B360B /* Demo44_JSONTests.m */ = {isa = PBXFileReference; lastKnownFileType = sourcecode.c.objc; path = Demo44_JSONTests.m; sourceTree = "<group>"; };
		192D8AE019B81BFA009B360B /* NSObject+SBJson.h */ = {isa = PBXFileReference; fileEncoding = 4; lastKnownFileType = sourcecode.c.h; path = "NSObject+SBJson.h"; sourceTree = "<group>"; };
		192D8AE119B81BFA009B360B /* NSObject+SBJson.m */ = {isa = PBXFileReference; fileEncoding = 4; lastKnownFileType = sourcecode.c.objc; path = "NSObject+SBJson.m"; sourceTree = "<group>"; };
		192D8AE219B81BFA009B360B /* SBJson.h */ = {isa = PBXFileReference; fileEncoding = 4; lastKnownFileType = sourcecode.c.h; path = SBJson.h; sourceTree = "<group>"; };
		192D8AE319B81BFA009B360B /* SBJsonParser.h */ = {isa = PBXFileReference; fileEncoding = 4; lastKnownFileType = sourcecode.c.h; path = SBJsonParser.h; sourceTree = "<group>"; };
		192D8AE419B81BFA009B360B /* SBJsonParser.m */ = {isa = PBXFileReference; fileEncoding = 4; lastKnownFileType = sourcecode.c.objc; path = SBJsonParser.m; sourceTree = "<group>"; };
		192D8AE519B81BFA009B360B /* SBJsonStreamParser.h */ = {isa = PBXFileReference; fileEncoding = 4; lastKnownFileType = sourcecode.c.h; path = SBJsonStreamParser.h; sourceTree = "<group>"; };
		192D8AE619B81BFA009B360B /* SBJsonStreamParser.m */ = {isa = PBXFileReference; fileEncoding = 4; lastKnownFileType = sourcecode.c.objc; path = SBJsonStreamParser.m; sourceTree = "<group>"; };
		192D8AE719B81BFA009B360B /* SBJsonStreamParserAccumulator.h */ = {isa = PBXFileReference; fileEncoding = 4; lastKnownFileType = sourcecode.c.h; path = SBJsonStreamParserAccumulator.h; sourceTree = "<group>"; };
		192D8AE819B81BFA009B360B /* SBJsonStreamParserAccumulator.m */ = {isa = PBXFileReference; fileEncoding = 4; lastKnownFileType = sourcecode.c.objc; path = SBJsonStreamParserAccumulator.m; sourceTree = "<group>"; };
		192D8AE919B81BFA009B360B /* SBJsonStreamParserAdapter.h */ = {isa = PBXFileReference; fileEncoding = 4; lastKnownFileType = sourcecode.c.h; path = SBJsonStreamParserAdapter.h; sourceTree = "<group>"; };
		192D8AEA19B81BFA009B360B /* SBJsonStreamParserAdapter.m */ = {isa = PBXFileReference; fileEncoding = 4; lastKnownFileType = sourcecode.c.objc; path = SBJsonStreamParserAdapter.m; sourceTree = "<group>"; };
		192D8AEB19B81BFA009B360B /* SBJsonStreamParserState.h */ = {isa = PBXFileReference; fileEncoding = 4; lastKnownFileType = sourcecode.c.h; path = SBJsonStreamParserState.h; sourceTree = "<group>"; };
		192D8AEC19B81BFA009B360B /* SBJsonStreamParserState.m */ = {isa = PBXFileReference; fileEncoding = 4; lastKnownFileType = sourcecode.c.objc; path = SBJsonStreamParserState.m; sourceTree = "<group>"; };
		192D8AED19B81BFA009B360B /* SBJsonStreamWriter.h */ = {isa = PBXFileReference; fileEncoding = 4; lastKnownFileType = sourcecode.c.h; path = SBJsonStreamWriter.h; sourceTree = "<group>"; };
		192D8AEE19B81BFA009B360B /* SBJsonStreamWriter.m */ = {isa = PBXFileReference; fileEncoding = 4; lastKnownFileType = sourcecode.c.objc; path = SBJsonStreamWriter.m; sourceTree = "<group>"; };
		192D8AEF19B81BFA009B360B /* SBJsonStreamWriterAccumulator.h */ = {isa = PBXFileReference; fileEncoding = 4; lastKnownFileType = sourcecode.c.h; path = SBJsonStreamWriterAccumulator.h; sourceTree = "<group>"; };
		192D8AF019B81BFA009B360B /* SBJsonStreamWriterAccumulator.m */ = {isa = PBXFileReference; fileEncoding = 4; lastKnownFileType = sourcecode.c.objc; path = SBJsonStreamWriterAccumulator.m; sourceTree = "<group>"; };
		192D8AF119B81BFA009B360B /* SBJsonStreamWriterState.h */ = {isa = PBXFileReference; fileEncoding = 4; lastKnownFileType = sourcecode.c.h; path = SBJsonStreamWriterState.h; sourceTree = "<group>"; };
		192D8AF219B81BFA009B360B /* SBJsonStreamWriterState.m */ = {isa = PBXFileReference; fileEncoding = 4; lastKnownFileType = sourcecode.c.objc; path = SBJsonStreamWriterState.m; sourceTree = "<group>"; };
		192D8AF319B81BFA009B360B /* SBJsonTokeniser.h */ = {isa = PBXFileReference; fileEncoding = 4; lastKnownFileType = sourcecode.c.h; path = SBJsonTokeniser.h; sourceTree = "<group>"; };
		192D8AF419B81BFA009B360B /* SBJsonTokeniser.m */ = {isa = PBXFileReference; fileEncoding = 4; lastKnownFileType = sourcecode.c.objc; path = SBJsonTokeniser.m; sourceTree = "<group>"; };
		192D8AF519B81BFA009B360B /* SBJsonUTF8Stream.h */ = {isa = PBXFileReference; fileEncoding = 4; lastKnownFileType = sourcecode.c.h; path = SBJsonUTF8Stream.h; sourceTree = "<group>"; };
		192D8AF619B81BFA009B360B /* SBJsonUTF8Stream.m */ = {isa = PBXFileReference; fileEncoding = 4; lastKnownFileType = sourcecode.c.objc; path = SBJsonUTF8Stream.m; sourceTree = "<group>"; };
		192D8AF719B81BFA009B360B /* SBJsonWriter.h */ = {isa = PBXFileReference; fileEncoding = 4; lastKnownFileType = sourcecode.c.h; path = SBJsonWriter.h; sourceTree = "<group>"; };
		192D8AF819B81BFA009B360B /* SBJsonWriter.m */ = {isa = PBXFileReference; fileEncoding = 4; lastKnownFileType = sourcecode.c.objc; path = SBJsonWriter.m; sourceTree = "<group>"; };
/* End PBXFileReference section */

/* Begin PBXFrameworksBuildPhase section */
		192D8AA419B816AF009B360B /* Frameworks */ = {
			isa = PBXFrameworksBuildPhase;
			buildActionMask = 2147483647;
			files = (
				192D8AAD19B816AF009B360B /* CoreGraphics.framework in Frameworks */,
				192D8AAF19B816AF009B360B /* UIKit.framework in Frameworks */,
				192D8AAB19B816AF009B360B /* Foundation.framework in Frameworks */,
			);
			runOnlyForDeploymentPostprocessing = 0;
		};
		192D8AC519B816AF009B360B /* Frameworks */ = {
			isa = PBXFrameworksBuildPhase;
			buildActionMask = 2147483647;
			files = (
				192D8ACA19B816AF009B360B /* XCTest.framework in Frameworks */,
				192D8ACC19B816AF009B360B /* UIKit.framework in Frameworks */,
				192D8ACB19B816AF009B360B /* Foundation.framework in Frameworks */,
			);
			runOnlyForDeploymentPostprocessing = 0;
		};
/* End PBXFrameworksBuildPhase section */

/* Begin PBXGroup section */
		192D8A9E19B816AF009B360B = {
			isa = PBXGroup;
			children = (
				192D8AB019B816AF009B360B /* Demo44_JSON */,
				192D8ACF19B816AF009B360B /* Demo44_JSONTests */,
				192D8AA919B816AF009B360B /* Frameworks */,
				192D8AA819B816AF009B360B /* Products */,
			);
			sourceTree = "<group>";
		};
		192D8AA819B816AF009B360B /* Products */ = {
			isa = PBXGroup;
			children = (
				192D8AA719B816AF009B360B /* Demo44_JSON.app */,
				192D8AC819B816AF009B360B /* Demo44_JSONTests.xctest */,
			);
			name = Products;
			sourceTree = "<group>";
		};
		192D8AA919B816AF009B360B /* Frameworks */ = {
			isa = PBXGroup;
			children = (
				192D8AAA19B816AF009B360B /* Foundation.framework */,
				192D8AAC19B816AF009B360B /* CoreGraphics.framework */,
				192D8AAE19B816AF009B360B /* UIKit.framework */,
				192D8AC919B816AF009B360B /* XCTest.framework */,
			);
			name = Frameworks;
			sourceTree = "<group>";
		};
		192D8AB019B816AF009B360B /* Demo44_JSON */ = {
			isa = PBXGroup;
			children = (
				192D8ADF19B81BFA009B360B /* SBJson */,
				192D8AB919B816AF009B360B /* TRAppDelegate.h */,
				192D8ABA19B816AF009B360B /* TRAppDelegate.m */,
				192D8ABC19B816AF009B360B /* Main.storyboard */,
				192D8ABF19B816AF009B360B /* TRViewController.h */,
				192D8AC019B816AF009B360B /* TRViewController.m */,
				192D8AC219B816AF009B360B /* Images.xcassets */,
				192D8AB119B816AF009B360B /* Supporting Files */,
			);
			path = Demo44_JSON;
			sourceTree = "<group>";
		};
		192D8AB119B816AF009B360B /* Supporting Files */ = {
			isa = PBXGroup;
			children = (
				192D8AB219B816AF009B360B /* Demo44_JSON-Info.plist */,
				192D8AB319B816AF009B360B /* InfoPlist.strings */,
				192D8AB619B816AF009B360B /* main.m */,
				192D8AB819B816AF009B360B /* Demo44_JSON-Prefix.pch */,
			);
			name = "Supporting Files";
			sourceTree = "<group>";
		};
		192D8ACF19B816AF009B360B /* Demo44_JSONTests */ = {
			isa = PBXGroup;
			children = (
				192D8AD519B816AF009B360B /* Demo44_JSONTests.m */,
				192D8AD019B816AF009B360B /* Supporting Files */,
			);
			path = Demo44_JSONTests;
			sourceTree = "<group>";
		};
		192D8AD019B816AF009B360B /* Supporting Files */ = {
			isa = PBXGroup;
			children = (
				192D8AD119B816AF009B360B /* Demo44_JSONTests-Info.plist */,
				192D8AD219B816AF009B360B /* InfoPlist.strings */,
			);
			name = "Supporting Files";
			sourceTree = "<group>";
		};
		192D8ADF19B81BFA009B360B /* SBJson */ = {
			isa = PBXGroup;
			children = (
				192D8AE019B81BFA009B360B /* NSObject+SBJson.h */,
				192D8AE119B81BFA009B360B /* NSObject+SBJson.m */,
				192D8AE219B81BFA009B360B /* SBJson.h */,
				192D8AE319B81BFA009B360B /* SBJsonParser.h */,
				192D8AE419B81BFA009B360B /* SBJsonParser.m */,
				192D8AE519B81BFA009B360B /* SBJsonStreamParser.h */,
				192D8AE619B81BFA009B360B /* SBJsonStreamParser.m */,
				192D8AE719B81BFA009B360B /* SBJsonStreamParserAccumulator.h */,
				192D8AE819B81BFA009B360B /* SBJsonStreamParserAccumulator.m */,
				192D8AE919B81BFA009B360B /* SBJsonStreamParserAdapter.h */,
				192D8AEA19B81BFA009B360B /* SBJsonStreamParserAdapter.m */,
				192D8AEB19B81BFA009B360B /* SBJsonStreamParserState.h */,
				192D8AEC19B81BFA009B360B /* SBJsonStreamParserState.m */,
				192D8AED19B81BFA009B360B /* SBJsonStreamWriter.h */,
				192D8AEE19B81BFA009B360B /* SBJsonStreamWriter.m */,
				192D8AEF19B81BFA009B360B /* SBJsonStreamWriterAccumulator.h */,
				192D8AF019B81BFA009B360B /* SBJsonStreamWriterAccumulator.m */,
				192D8AF119B81BFA009B360B /* SBJsonStreamWriterState.h */,
				192D8AF219B81BFA009B360B /* SBJsonStreamWriterState.m */,
				192D8AF319B81BFA009B360B /* SBJsonTokeniser.h */,
				192D8AF419B81BFA009B360B /* SBJsonTokeniser.m */,
				192D8AF519B81BFA009B360B /* SBJsonUTF8Stream.h */,
				192D8AF619B81BFA009B360B /* SBJsonUTF8Stream.m */,
				192D8AF719B81BFA009B360B /* SBJsonWriter.h */,
				192D8AF819B81BFA009B360B /* SBJsonWriter.m */,
			);
			path = SBJson;
			sourceTree = "<group>";
		};
/* End PBXGroup section */

/* Begin PBXNativeTarget section */
		192D8AA619B816AF009B360B /* Demo44_JSON */ = {
			isa = PBXNativeTarget;
			buildConfigurationList = 192D8AD919B816AF009B360B /* Build configuration list for PBXNativeTarget "Demo44_JSON" */;
			buildPhases = (
				192D8AA319B816AF009B360B /* Sources */,
				192D8AA419B816AF009B360B /* Frameworks */,
				192D8AA519B816AF009B360B /* Resources */,
			);
			buildRules = (
			);
			dependencies = (
			);
			name = Demo44_JSON;
			productName = Demo44_JSON;
			productReference = 192D8AA719B816AF009B360B /* Demo44_JSON.app */;
			productType = "com.apple.product-type.application";
		};
		192D8AC719B816AF009B360B /* Demo44_JSONTests */ = {
			isa = PBXNativeTarget;
			buildConfigurationList = 192D8ADC19B816AF009B360B /* Build configuration list for PBXNativeTarget "Demo44_JSONTests" */;
			buildPhases = (
				192D8AC419B816AF009B360B /* Sources */,
				192D8AC519B816AF009B360B /* Frameworks */,
				192D8AC619B816AF009B360B /* Resources */,
			);
			buildRules = (
			);
			dependencies = (
				192D8ACE19B816AF009B360B /* PBXTargetDependency */,
			);
			name = Demo44_JSONTests;
			productName = Demo44_JSONTests;
			productReference = 192D8AC819B816AF009B360B /* Demo44_JSONTests.xctest */;
			productType = "com.apple.product-type.bundle.unit-test";
		};
/* End PBXNativeTarget section */

/* Begin PBXProject section */
		192D8A9F19B816AF009B360B /* Project object */ = {
			isa = PBXProject;
			attributes = {
				CLASSPREFIX = TR;
				LastUpgradeCheck = 0510;
				ORGANIZATIONNAME = MobileApp;
				TargetAttributes = {
					192D8AC719B816AF009B360B = {
						TestTargetID = 192D8AA619B816AF009B360B;
					};
				};
			};
			buildConfigurationList = 192D8AA219B816AF009B360B /* Build configuration list for PBXProject "Demo44_JSON" */;
			compatibilityVersion = "Xcode 3.2";
			developmentRegion = English;
			hasScannedForEncodings = 0;
			knownRegions = (
				en,
				Base,
			);
			mainGroup = 192D8A9E19B816AF009B360B;
			productRefGroup = 192D8AA819B816AF009B360B /* Products */;
			projectDirPath = "";
			projectRoot = "";
			targets = (
				192D8AA619B816AF009B360B /* Demo44_JSON */,
				192D8AC719B816AF009B360B /* Demo44_JSONTests */,
			);
		};
/* End PBXProject section */

/* Begin PBXResourcesBuildPhase section */
		192D8AA519B816AF009B360B /* Resources */ = {
			isa = PBXResourcesBuildPhase;
			buildActionMask = 2147483647;
			files = (
				192D8AC319B816AF009B360B /* Images.xcassets in Resources */,
				192D8AB519B816AF009B360B /* InfoPlist.strings in Resources */,
				192D8ABE19B816AF009B360B /* Main.storyboard in Resources */,
			);
			runOnlyForDeploymentPostprocessing = 0;
		};
		192D8AC619B816AF009B360B /* Resources */ = {
			isa = PBXResourcesBuildPhase;
			buildActionMask = 2147483647;
			files = (
				192D8AD419B816AF009B360B /* InfoPlist.strings in Resources */,
			);
			runOnlyForDeploymentPostprocessing = 0;
		};
/* End PBXResourcesBuildPhase section */

/* Begin PBXSourcesBuildPhase section */
		192D8AA319B816AF009B360B /* Sources */ = {
			isa = PBXSourcesBuildPhase;
			buildActionMask = 2147483647;
			files = (
				192D8ABB19B816AF009B360B /* TRAppDelegate.m in Sources */,
				192D8B0419B81BFA009B360B /* SBJsonWriter.m in Sources */,
				192D8AB719B816AF009B360B /* main.m in Sources */,
				192D8B0219B81BFA009B360B /* SBJsonTokeniser.m in Sources */,
				192D8AF919B81BFA009B360B /* NSObject+SBJson.m in Sources */,
				192D8AFF19B81BFA009B360B /* SBJsonStreamWriter.m in Sources */,
				192D8AFB19B81BFA009B360B /* SBJsonStreamParser.m in Sources */,
				192D8AFA19B81BFA009B360B /* SBJsonParser.m in Sources */,
				192D8AFC19B81BFA009B360B /* SBJsonStreamParserAccumulator.m in Sources */,
				192D8AFE19B81BFA009B360B /* SBJsonStreamParserState.m in Sources */,
				192D8B0019B81BFA009B360B /* SBJsonStreamWriterAccumulator.m in Sources */,
				192D8B0119B81BFA009B360B /* SBJsonStreamWriterState.m in Sources */,
				192D8B0319B81BFA009B360B /* SBJsonUTF8Stream.m in Sources */,
				192D8AC119B816AF009B360B /* TRViewController.m in Sources */,
				192D8AFD19B81BFA009B360B /* SBJsonStreamParserAdapter.m in Sources */,
			);
			runOnlyForDeploymentPostprocessing = 0;
		};
		192D8AC419B816AF009B360B /* Sources */ = {
			isa = PBXSourcesBuildPhase;
			buildActionMask = 2147483647;
			files = (
				192D8AD619B816AF009B360B /* Demo44_JSONTests.m in Sources */,
			);
			runOnlyForDeploymentPostprocessing = 0;
		};
/* End PBXSourcesBuildPhase section */

/* Begin PBXTargetDependency section */
		192D8ACE19B816AF009B360B /* PBXTargetDependency */ = {
			isa = PBXTargetDependency;
			target = 192D8AA619B816AF009B360B /* Demo44_JSON */;
			targetProxy = 192D8ACD19B816AF009B360B /* PBXContainerItemProxy */;
		};
/* End PBXTargetDependency section */

/* Begin PBXVariantGroup section */
		192D8AB319B816AF009B360B /* InfoPlist.strings */ = {
			isa = PBXVariantGroup;
			children = (
				192D8AB419B816AF009B360B /* en */,
			);
			name = InfoPlist.strings;
			sourceTree = "<group>";
		};
		192D8ABC19B816AF009B360B /* Main.storyboard */ = {
			isa = PBXVariantGroup;
			children = (
				192D8ABD19B816AF009B360B /* Base */,
			);
			name = Main.storyboard;
			sourceTree = "<group>";
		};
		192D8AD219B816AF009B360B /* InfoPlist.strings */ = {
			isa = PBXVariantGroup;
			children = (
				192D8AD319B816AF009B360B /* en */,
			);
			name = InfoPlist.strings;
			sourceTree = "<group>";
		};
/* End PBXVariantGroup section */

/* Begin XCBuildConfiguration section */
		192D8AD719B816AF009B360B /* Debug */ = {
			isa = XCBuildConfiguration;
			buildSettings = {
				ALWAYS_SEARCH_USER_PATHS = NO;
				CLANG_CXX_LANGUAGE_STANDARD = "gnu++0x";
				CLANG_CXX_LIBRARY = "libc++";
				CLANG_ENABLE_MODULES = YES;
				CLANG_ENABLE_OBJC_ARC = YES;
				CLANG_WARN_BOOL_CONVERSION = YES;
				CLANG_WARN_CONSTANT_CONVERSION = YES;
				CLANG_WARN_DIRECT_OBJC_ISA_USAGE = YES_ERROR;
				CLANG_WARN_EMPTY_BODY = YES;
				CLANG_WARN_ENUM_CONVERSION = YES;
				CLANG_WARN_INT_CONVERSION = YES;
				CLANG_WARN_OBJC_ROOT_CLASS = YES_ERROR;
				CLANG_WARN__DUPLICATE_METHOD_MATCH = YES;
				"CODE_SIGN_IDENTITY[sdk=iphoneos*]" = "iPhone Developer";
				COPY_PHASE_STRIP = NO;
				GCC_C_LANGUAGE_STANDARD = gnu99;
				GCC_DYNAMIC_NO_PIC = NO;
				GCC_OPTIMIZATION_LEVEL = 0;
				GCC_PREPROCESSOR_DEFINITIONS = (
					"DEBUG=1",
					"$(inherited)",
				);
				GCC_SYMBOLS_PRIVATE_EXTERN = NO;
				GCC_WARN_64_TO_32_BIT_CONVERSION = YES;
				GCC_WARN_ABOUT_RETURN_TYPE = YES_ERROR;
				GCC_WARN_UNDECLARED_SELECTOR = YES;
				GCC_WARN_UNINITIALIZED_AUTOS = YES_AGGRESSIVE;
				GCC_WARN_UNUSED_FUNCTION = YES;
				GCC_WARN_UNUSED_VARIABLE = YES;
				IPHONEOS_DEPLOYMENT_TARGET = 7.1;
				ONLY_ACTIVE_ARCH = YES;
				SDKROOT = iphoneos;
			};
			name = Debug;
		};
		192D8AD819B816AF009B360B /* Release */ = {
			isa = XCBuildConfiguration;
			buildSettings = {
				ALWAYS_SEARCH_USER_PATHS = NO;
				CLANG_CXX_LANGUAGE_STANDARD = "gnu++0x";
				CLANG_CXX_LIBRARY = "libc++";
				CLANG_ENABLE_MODULES = YES;
				CLANG_ENABLE_OBJC_ARC = YES;
				CLANG_WARN_BOOL_CONVERSION = YES;
				CLANG_WARN_CONSTANT_CONVERSION = YES;
				CLANG_WARN_DIRECT_OBJC_ISA_USAGE = YES_ERROR;
				CLANG_WARN_EMPTY_BODY = YES;
				CLANG_WARN_ENUM_CONVERSION = YES;
				CLANG_WARN_INT_CONVERSION = YES;
				CLANG_WARN_OBJC_ROOT_CLASS = YES_ERROR;
				CLANG_WARN__DUPLICATE_METHOD_MATCH = YES;
				"CODE_SIGN_IDENTITY[sdk=iphoneos*]" = "iPhone Developer";
				COPY_PHASE_STRIP = YES;
				ENABLE_NS_ASSERTIONS = NO;
				GCC_C_LANGUAGE_STANDARD = gnu99;
				GCC_WARN_64_TO_32_BIT_CONVERSION = YES;
				GCC_WARN_ABOUT_RETURN_TYPE = YES_ERROR;
				GCC_WARN_UNDECLARED_SELECTOR = YES;
				GCC_WARN_UNINITIALIZED_AUTOS = YES_AGGRESSIVE;
				GCC_WARN_UNUSED_FUNCTION = YES;
				GCC_WARN_UNUSED_VARIABLE = YES;
				IPHONEOS_DEPLOYMENT_TARGET = 7.1;
				SDKROOT = iphoneos;
				VALIDATE_PRODUCT = YES;
			};
			name = Release;
		};
		192D8ADA19B816AF009B360B /* Debug */ = {
			isa = XCBuildConfiguration;
			buildSettings = {
				ASSETCATALOG_COMPILER_APPICON_NAME = AppIcon;
				ASSETCATALOG_COMPILER_LAUNCHIMAGE_NAME = LaunchImage;
				GCC_PRECOMPILE_PREFIX_HEADER = YES;
				GCC_PREFIX_HEADER = "Demo44_JSON/Demo44_JSON-Prefix.pch";
				INFOPLIST_FILE = "Demo44_JSON/Demo44_JSON-Info.plist";
				PRODUCT_NAME = "$(TARGET_NAME)";
				WRAPPER_EXTENSION = app;
			};
			name = Debug;
		};
		192D8ADB19B816AF009B360B /* Release */ = {
			isa = XCBuildConfiguration;
			buildSettings = {
				ASSETCATALOG_COMPILER_APPICON_NAME = AppIcon;
				ASSETCATALOG_COMPILER_LAUNCHIMAGE_NAME = LaunchImage;
				GCC_PRECOMPILE_PREFIX_HEADER = YES;
				GCC_PREFIX_HEADER = "Demo44_JSON/Demo44_JSON-Prefix.pch";
				INFOPLIST_FILE = "Demo44_JSON/Demo44_JSON-Info.plist";
				PRODUCT_NAME = "$(TARGET_NAME)";
				WRAPPER_EXTENSION = app;
			};
			name = Release;
		};
		192D8ADD19B816AF009B360B /* Debug */ = {
			isa = XCBuildConfiguration;
			buildSettings = {
				BUNDLE_LOADER = "$(BUILT_PRODUCTS_DIR)/Demo44_JSON.app/Demo44_JSON";
				FRAMEWORK_SEARCH_PATHS = (
					"$(SDKROOT)/Developer/Library/Frameworks",
					"$(inherited)",
					"$(DEVELOPER_FRAMEWORKS_DIR)",
				);
				GCC_PRECOMPILE_PREFIX_HEADER = YES;
				GCC_PREFIX_HEADER = "Demo44_JSON/Demo44_JSON-Prefix.pch";
				GCC_PREPROCESSOR_DEFINITIONS = (
					"DEBUG=1",
					"$(inherited)",
				);
				INFOPLIST_FILE = "Demo44_JSONTests/Demo44_JSONTests-Info.plist";
				PRODUCT_NAME = "$(TARGET_NAME)";
				TEST_HOST = "$(BUNDLE_LOADER)";
				WRAPPER_EXTENSION = xctest;
			};
			name = Debug;
		};
		192D8ADE19B816AF009B360B /* Release */ = {
			isa = XCBuildConfiguration;
			buildSettings = {
				BUNDLE_LOADER = "$(BUILT_PRODUCTS_DIR)/Demo44_JSON.app/Demo44_JSON";
				FRAMEWORK_SEARCH_PATHS = (
					"$(SDKROOT)/Developer/Library/Frameworks",
					"$(inherited)",
					"$(DEVELOPER_FRAMEWORKS_DIR)",
				);
				GCC_PRECOMPILE_PREFIX_HEADER = YES;
				GCC_PREFIX_HEADER = "Demo44_JSON/Demo44_JSON-Prefix.pch";
				INFOPLIST_FILE = "Demo44_JSONTests/Demo44_JSONTests-Info.plist";
				PRODUCT_NAME = "$(TARGET_NAME)";
				TEST_HOST = "$(BUNDLE_LOADER)";
				WRAPPER_EXTENSION = xctest;
			};
			name = Release;
		};
/* End XCBuildConfiguration section */

/* Begin XCConfigurationList section */
		192D8AA219B816AF009B360B /* Build configuration list for PBXProject "Demo44_JSON" */ = {
			isa = XCConfigurationList;
			buildConfigurations = (
				192D8AD719B816AF009B360B /* Debug */,
				192D8AD819B816AF009B360B /* Release */,
			);
			defaultConfigurationIsVisible = 0;
			defaultConfigurationName = Release;
		};
		192D8AD919B816AF009B360B /* Build configuration list for PBXNativeTarget "Demo44_JSON" */ = {
			isa = XCConfigurationList;
			buildConfigurations = (
				192D8ADA19B816AF009B360B /* Debug */,
				192D8ADB19B816AF009B360B /* Release */,
			);
			defaultConfigurationIsVisible = 0;
		};
		192D8ADC19B816AF009B360B /* Build configuration list for PBXNativeTarget "Demo44_JSONTests" */ = {
			isa = XCConfigurationList;
			buildConfigurations = (
				192D8ADD19B816AF009B360B /* Debug */,
				192D8ADE19B816AF009B360B /* Release */,
			);
			defaultConfigurationIsVisible = 0;
		};
/* End XCConfigurationList section */
	};
	rootObject = 192D8A9F19B816AF009B360B /* Project object */;
}
