// !$*UTF8*$!
{
	archiveVersion = 1;
	classes = {
	};
	objectVersion = 46;
	objects = {

/* Begin PBXBuildFile section */
		1992A8BD19878F2500B17735 /* Foundation.framework in Frameworks */ = {isa = PBXBuildFile; fileRef = 1992A8BC19878F2500B17735 /* Foundation.framework */; };
		1992A8BF19878F2500B17735 /* CoreGraphics.framework in Frameworks */ = {isa = PBXBuildFile; fileRef = 1992A8BE19878F2500B17735 /* CoreGraphics.framework */; };
		1992A8C119878F2500B17735 /* UIKit.framework in Frameworks */ = {isa = PBXBuildFile; fileRef = 1992A8C019878F2500B17735 /* UIKit.framework */; };
		1992A8C719878F2500B17735 /* InfoPlist.strings in Resources */ = {isa = PBXBuildFile; fileRef = 1992A8C519878F2500B17735 /* InfoPlist.strings */; };
		1992A8C919878F2500B17735 /* main.m in Sources */ = {isa = PBXBuildFile; fileRef = 1992A8C819878F2500B17735 /* main.m */; };
		1992A8CD19878F2500B17735 /* TRAppDelegate.m in Sources */ = {isa = PBXBuildFile; fileRef = 1992A8CC19878F2500B17735 /* TRAppDelegate.m */; };
		1992A8CF19878F2500B17735 /* Images.xcassets in Resources */ = {isa = PBXBuildFile; fileRef = 1992A8CE19878F2500B17735 /* Images.xcassets */; };
		1992A8D619878F2500B17735 /* XCTest.framework in Frameworks */ = {isa = PBXBuildFile; fileRef = 1992A8D519878F2500B17735 /* XCTest.framework */; };
		1992A8D719878F2500B17735 /* Foundation.framework in Frameworks */ = {isa = PBXBuildFile; fileRef = 1992A8BC19878F2500B17735 /* Foundation.framework */; };
		1992A8D819878F2500B17735 /* UIKit.framework in Frameworks */ = {isa = PBXBuildFile; fileRef = 1992A8C019878F2500B17735 /* UIKit.framework */; };
		1992A8E019878F2500B17735 /* InfoPlist.strings in Resources */ = {isa = PBXBuildFile; fileRef = 1992A8DE19878F2500B17735 /* InfoPlist.strings */; };
		1992A8E219878F2500B17735 /* Demo39_TabBar_NaviTests.m in Sources */ = {isa = PBXBuildFile; fileRef = 1992A8E119878F2500B17735 /* Demo39_TabBar_NaviTests.m */; };
		1992A8EE19878F3300B17735 /* TRAViewController.m in Sources */ = {isa = PBXBuildFile; fileRef = 1992A8EC19878F3300B17735 /* TRAViewController.m */; };
		1992A8EF19878F3300B17735 /* TRAViewController.xib in Resources */ = {isa = PBXBuildFile; fileRef = 1992A8ED19878F3300B17735 /* TRAViewController.xib */; };
		1992A8F319878F3F00B17735 /* TRBViewController.m in Sources */ = {isa = PBXBuildFile; fileRef = 1992A8F119878F3F00B17735 /* TRBViewController.m */; };
		1992A8F419878F3F00B17735 /* TRBViewController.xib in Resources */ = {isa = PBXBuildFile; fileRef = 1992A8F219878F3F00B17735 /* TRBViewController.xib */; };
		1992A8F8198794EB00B17735 /* TRCViewController.m in Sources */ = {isa = PBXBuildFile; fileRef = 1992A8F6198794EB00B17735 /* TRCViewController.m */; };
		1992A8F9198794EB00B17735 /* TRCViewController.xib in Resources */ = {isa = PBXBuildFile; fileRef = 1992A8F7198794EB00B17735 /* TRCViewController.xib */; };
/* End PBXBuildFile section */

/* Begin PBXContainerItemProxy section */
		1992A8D919878F2500B17735 /* PBXContainerItemProxy */ = {
			isa = PBXContainerItemProxy;
			containerPortal = 1992A8B119878F2500B17735 /* Project object */;
			proxyType = 1;
			remoteGlobalIDString = 1992A8B819878F2500B17735;
			remoteInfo = Demo39_TabBar_Navi;
		};
/* End PBXContainerItemProxy section */

/* Begin PBXFileReference section */
		1992A8B919878F2500B17735 /* Demo39_TabBar_Navi.app */ = {isa = PBXFileReference; explicitFileType = wrapper.application; includeInIndex = 0; path = Demo39_TabBar_Navi.app; sourceTree = BUILT_PRODUCTS_DIR; };
		1992A8BC19878F2500B17735 /* Foundation.framework */ = {isa = PBXFileReference; lastKnownFileType = wrapper.framework; name = Foundation.framework; path = System/Library/Frameworks/Foundation.framework; sourceTree = SDKROOT; };
		1992A8BE19878F2500B17735 /* CoreGraphics.framework */ = {isa = PBXFileReference; lastKnownFileType = wrapper.framework; name = CoreGraphics.framework; path = System/Library/Frameworks/CoreGraphics.framework; sourceTree = SDKROOT; };
		1992A8C019878F2500B17735 /* UIKit.framework */ = {isa = PBXFileReference; lastKnownFileType = wrapper.framework; name = UIKit.framework; path = System/Library/Frameworks/UIKit.framework; sourceTree = SDKROOT; };
		1992A8C419878F2500B17735 /* Demo39_TabBar_Navi-Info.plist */ = {isa = PBXFileReference; lastKnownFileType = text.plist.xml; path = "Demo39_TabBar_Navi-Info.plist"; sourceTree = "<group>"; };
		1992A8C619878F2500B17735 /* en */ = {isa = PBXFileReference; lastKnownFileType = text.plist.strings; name = en; path = en.lproj/InfoPlist.strings; sourceTree = "<group>"; };
		1992A8C819878F2500B17735 /* main.m */ = {isa = PBXFileReference; lastKnownFileType = sourcecode.c.objc; path = main.m; sourceTree = "<group>"; };
		1992A8CA19878F2500B17735 /* Demo39_TabBar_Navi-Prefix.pch */ = {isa = PBXFileReference; lastKnownFileType = sourcecode.c.h; path = "Demo39_TabBar_Navi-Prefix.pch"; sourceTree = "<group>"; };
		1992A8CB19878F2500B17735 /* TRAppDelegate.h */ = {isa = PBXFileReference; lastKnownFileType = sourcecode.c.h; path = TRAppDelegate.h; sourceTree = "<group>"; };
		1992A8CC19878F2500B17735 /* TRAppDelegate.m */ = {isa = PBXFileReference; lastKnownFileType = sourcecode.c.objc; path = TRAppDelegate.m; sourceTree = "<group>"; };
		1992A8CE19878F2500B17735 /* Images.xcassets */ = {isa = PBXFileReference; lastKnownFileType = folder.assetcatalog; path = Images.xcassets; sourceTree = "<group>"; };
		1992A8D419878F2500B17735 /* Demo39_TabBar_NaviTests.xctest */ = {isa = PBXFileReference; explicitFileType = wrapper.cfbundle; includeInIndex = 0; path = Demo39_TabBar_NaviTests.xctest; sourceTree = BUILT_PRODUCTS_DIR; };
		1992A8D519878F2500B17735 /* XCTest.framework */ = {isa = PBXFileReference; lastKnownFileType = wrapper.framework; name = XCTest.framework; path = Library/Frameworks/XCTest.framework; sourceTree = DEVELOPER_DIR; };
		1992A8DD19878F2500B17735 /* Demo39_TabBar_NaviTests-Info.plist */ = {isa = PBXFileReference; lastKnownFileType = text.plist.xml; path = "Demo39_TabBar_NaviTests-Info.plist"; sourceTree = "<group>"; };
		1992A8DF19878F2500B17735 /* en */ = {isa = PBXFileReference; lastKnownFileType = text.plist.strings; name = en; path = en.lproj/InfoPlist.strings; sourceTree = "<group>"; };
		1992A8E119878F2500B17735 /* Demo39_TabBar_NaviTests.m */ = {isa = PBXFileReference; lastKnownFileType = sourcecode.c.objc; path = Demo39_TabBar_NaviTests.m; sourceTree = "<group>"; };
		1992A8EB19878F3300B17735 /* TRAViewController.h */ = {isa = PBXFileReference; fileEncoding = 4; lastKnownFileType = sourcecode.c.h; path = TRAViewController.h; sourceTree = "<group>"; };
		1992A8EC19878F3300B17735 /* TRAViewController.m */ = {isa = PBXFileReference; fileEncoding = 4; lastKnownFileType = sourcecode.c.objc; path = TRAViewController.m; sourceTree = "<group>"; };
		1992A8ED19878F3300B17735 /* TRAViewController.xib */ = {isa = PBXFileReference; fileEncoding = 4; lastKnownFileType = file.xib; path = TRAViewController.xib; sourceTree = "<group>"; };
		1992A8F019878F3F00B17735 /* TRBViewController.h */ = {isa = PBXFileReference; fileEncoding = 4; lastKnownFileType = sourcecode.c.h; path = TRBViewController.h; sourceTree = "<group>"; };
		1992A8F119878F3F00B17735 /* TRBViewController.m */ = {isa = PBXFileReference; fileEncoding = 4; lastKnownFileType = sourcecode.c.objc; path = TRBViewController.m; sourceTree = "<group>"; };
		1992A8F219878F3F00B17735 /* TRBViewController.xib */ = {isa = PBXFileReference; fileEncoding = 4; lastKnownFileType = file.xib; path = TRBViewController.xib; sourceTree = "<group>"; };
		1992A8F5198794EB00B17735 /* TRCViewController.h */ = {isa = PBXFileReference; fileEncoding = 4; lastKnownFileType = sourcecode.c.h; path = TRCViewController.h; sourceTree = "<group>"; };
		1992A8F6198794EB00B17735 /* TRCViewController.m */ = {isa = PBXFileReference; fileEncoding = 4; lastKnownFileType = sourcecode.c.objc; path = TRCViewController.m; sourceTree = "<group>"; };
		1992A8F7198794EB00B17735 /* TRCViewController.xib */ = {isa = PBXFileReference; fileEncoding = 4; lastKnownFileType = file.xib; path = TRCViewController.xib; sourceTree = "<group>"; };
/* End PBXFileReference section */

/* Begin PBXFrameworksBuildPhase section */
		1992A8B619878F2500B17735 /* Frameworks */ = {
			isa = PBXFrameworksBuildPhase;
			buildActionMask = 2147483647;
			files = (
				1992A8BF19878F2500B17735 /* CoreGraphics.framework in Frameworks */,
				1992A8C119878F2500B17735 /* UIKit.framework in Frameworks */,
				1992A8BD19878F2500B17735 /* Foundation.framework in Frameworks */,
			);
			runOnlyForDeploymentPostprocessing = 0;
		};
		1992A8D119878F2500B17735 /* Frameworks */ = {
			isa = PBXFrameworksBuildPhase;
			buildActionMask = 2147483647;
			files = (
				1992A8D619878F2500B17735 /* XCTest.framework in Frameworks */,
				1992A8D819878F2500B17735 /* UIKit.framework in Frameworks */,
				1992A8D719878F2500B17735 /* Foundation.framework in Frameworks */,
			);
			runOnlyForDeploymentPostprocessing = 0;
		};
/* End PBXFrameworksBuildPhase section */

/* Begin PBXGroup section */
		1992A8B019878F2500B17735 = {
			isa = PBXGroup;
			children = (
				1992A8C219878F2500B17735 /* Demo39_TabBar_Navi */,
				1992A8DB19878F2500B17735 /* Demo39_TabBar_NaviTests */,
				1992A8BB19878F2500B17735 /* Frameworks */,
				1992A8BA19878F2500B17735 /* Products */,
			);
			sourceTree = "<group>";
		};
		1992A8BA19878F2500B17735 /* Products */ = {
			isa = PBXGroup;
			children = (
				1992A8B919878F2500B17735 /* Demo39_TabBar_Navi.app */,
				1992A8D419878F2500B17735 /* Demo39_TabBar_NaviTests.xctest */,
			);
			name = Products;
			sourceTree = "<group>";
		};
		1992A8BB19878F2500B17735 /* Frameworks */ = {
			isa = PBXGroup;
			children = (
				1992A8BC19878F2500B17735 /* Foundation.framework */,
				1992A8BE19878F2500B17735 /* CoreGraphics.framework */,
				1992A8C019878F2500B17735 /* UIKit.framework */,
				1992A8D519878F2500B17735 /* XCTest.framework */,
			);
			name = Frameworks;
			sourceTree = "<group>";
		};
		1992A8C219878F2500B17735 /* Demo39_TabBar_Navi */ = {
			isa = PBXGroup;
			children = (
				1992A8CB19878F2500B17735 /* TRAppDelegate.h */,
				1992A8CC19878F2500B17735 /* TRAppDelegate.m */,
				1992A8EB19878F3300B17735 /* TRAViewController.h */,
				1992A8EC19878F3300B17735 /* TRAViewController.m */,
				1992A8ED19878F3300B17735 /* TRAViewController.xib */,
				1992A8F019878F3F00B17735 /* TRBViewController.h */,
				1992A8F119878F3F00B17735 /* TRBViewController.m */,
				1992A8F219878F3F00B17735 /* TRBViewController.xib */,
				1992A8F5198794EB00B17735 /* TRCViewController.h */,
				1992A8F6198794EB00B17735 /* TRCViewController.m */,
				1992A8F7198794EB00B17735 /* TRCViewController.xib */,
				1992A8CE19878F2500B17735 /* Images.xcassets */,
				1992A8C319878F2500B17735 /* Supporting Files */,
			);
			path = Demo39_TabBar_Navi;
			sourceTree = "<group>";
		};
		1992A8C319878F2500B17735 /* Supporting Files */ = {
			isa = PBXGroup;
			children = (
				1992A8C419878F2500B17735 /* Demo39_TabBar_Navi-Info.plist */,
				1992A8C519878F2500B17735 /* InfoPlist.strings */,
				1992A8C819878F2500B17735 /* main.m */,
				1992A8CA19878F2500B17735 /* Demo39_TabBar_Navi-Prefix.pch */,
			);
			name = "Supporting Files";
			sourceTree = "<group>";
		};
		1992A8DB19878F2500B17735 /* Demo39_TabBar_NaviTests */ = {
			isa = PBXGroup;
			children = (
				1992A8E119878F2500B17735 /* Demo39_TabBar_NaviTests.m */,
				1992A8DC19878F2500B17735 /* Supporting Files */,
			);
			path = Demo39_TabBar_NaviTests;
			sourceTree = "<group>";
		};
		1992A8DC19878F2500B17735 /* Supporting Files */ = {
			isa = PBXGroup;
			children = (
				1992A8DD19878F2500B17735 /* Demo39_TabBar_NaviTests-Info.plist */,
				1992A8DE19878F2500B17735 /* InfoPlist.strings */,
			);
			name = "Supporting Files";
			sourceTree = "<group>";
		};
/* End PBXGroup section */

/* Begin PBXNativeTarget section */
		1992A8B819878F2500B17735 /* Demo39_TabBar_Navi */ = {
			isa = PBXNativeTarget;
			buildConfigurationList = 1992A8E519878F2500B17735 /* Build configuration list for PBXNativeTarget "Demo39_TabBar_Navi" */;
			buildPhases = (
				1992A8B519878F2500B17735 /* Sources */,
				1992A8B619878F2500B17735 /* Frameworks */,
				1992A8B719878F2500B17735 /* Resources */,
			);
			buildRules = (
			);
			dependencies = (
			);
			name = Demo39_TabBar_Navi;
			productName = Demo39_TabBar_Navi;
			productReference = 1992A8B919878F2500B17735 /* Demo39_TabBar_Navi.app */;
			productType = "com.apple.product-type.application";
		};
		1992A8D319878F2500B17735 /* Demo39_TabBar_NaviTests */ = {
			isa = PBXNativeTarget;
			buildConfigurationList = 1992A8E819878F2500B17735 /* Build configuration list for PBXNativeTarget "Demo39_TabBar_NaviTests" */;
			buildPhases = (
				1992A8D019878F2500B17735 /* Sources */,
				1992A8D119878F2500B17735 /* Frameworks */,
				1992A8D219878F2500B17735 /* Resources */,
			);
			buildRules = (
			);
			dependencies = (
				1992A8DA19878F2500B17735 /* PBXTargetDependency */,
			);
			name = Demo39_TabBar_NaviTests;
			productName = Demo39_TabBar_NaviTests;
			productReference = 1992A8D419878F2500B17735 /* Demo39_TabBar_NaviTests.xctest */;
			productType = "com.apple.product-type.bundle.unit-test";
		};
/* End PBXNativeTarget section */

/* Begin PBXProject section */
		1992A8B119878F2500B17735 /* Project object */ = {
			isa = PBXProject;
			attributes = {
				CLASSPREFIX = TR;
				LastUpgradeCheck = 0510;
				ORGANIZATIONNAME = MobileApp;
				TargetAttributes = {
					1992A8D319878F2500B17735 = {
						TestTargetID = 1992A8B819878F2500B17735;
					};
				};
			};
			buildConfigurationList = 1992A8B419878F2500B17735 /* Build configuration list for PBXProject "Demo39_TabBar_Navi" */;
			compatibilityVersion = "Xcode 3.2";
			developmentRegion = English;
			hasScannedForEncodings = 0;
			knownRegions = (
				en,
			);
			mainGroup = 1992A8B019878F2500B17735;
			productRefGroup = 1992A8BA19878F2500B17735 /* Products */;
			projectDirPath = "";
			projectRoot = "";
			targets = (
				1992A8B819878F2500B17735 /* Demo39_TabBar_Navi */,
				1992A8D319878F2500B17735 /* Demo39_TabBar_NaviTests */,
			);
		};
/* End PBXProject section */

/* Begin PBXResourcesBuildPhase section */
		1992A8B719878F2500B17735 /* Resources */ = {
			isa = PBXResourcesBuildPhase;
			buildActionMask = 2147483647;
			files = (
				1992A8C719878F2500B17735 /* InfoPlist.strings in Resources */,
				1992A8F419878F3F00B17735 /* TRBViewController.xib in Resources */,
				1992A8EF19878F3300B17735 /* TRAViewController.xib in Resources */,
				1992A8CF19878F2500B17735 /* Images.xcassets in Resources */,
				1992A8F9198794EB00B17735 /* TRCViewController.xib in Resources */,
			);
			runOnlyForDeploymentPostprocessing = 0;
		};
		1992A8D219878F2500B17735 /* Resources */ = {
			isa = PBXResourcesBuildPhase;
			buildActionMask = 2147483647;
			files = (
				1992A8E019878F2500B17735 /* InfoPlist.strings in Resources */,
			);
			runOnlyForDeploymentPostprocessing = 0;
		};
/* End PBXResourcesBuildPhase section */

/* Begin PBXSourcesBuildPhase section */
		1992A8B519878F2500B17735 /* Sources */ = {
			isa = PBXSourcesBuildPhase;
			buildActionMask = 2147483647;
			files = (
				1992A8CD19878F2500B17735 /* TRAppDelegate.m in Sources */,
				1992A8F319878F3F00B17735 /* TRBViewController.m in Sources */,
				1992A8F8198794EB00B17735 /* TRCViewController.m in Sources */,
				1992A8EE19878F3300B17735 /* TRAViewController.m in Sources */,
				1992A8C919878F2500B17735 /* main.m in Sources */,
			);
			runOnlyForDeploymentPostprocessing = 0;
		};
		1992A8D019878F2500B17735 /* Sources */ = {
			isa = PBXSourcesBuildPhase;
			buildActionMask = 2147483647;
			files = (
				1992A8E219878F2500B17735 /* Demo39_TabBar_NaviTests.m in Sources */,
			);
			runOnlyForDeploymentPostprocessing = 0;
		};
/* End PBXSourcesBuildPhase section */

/* Begin PBXTargetDependency section */
		1992A8DA19878F2500B17735 /* PBXTargetDependency */ = {
			isa = PBXTargetDependency;
			target = 1992A8B819878F2500B17735 /* Demo39_TabBar_Navi */;
			targetProxy = 1992A8D919878F2500B17735 /* PBXContainerItemProxy */;
		};
/* End PBXTargetDependency section */

/* Begin PBXVariantGroup section */
		1992A8C519878F2500B17735 /* InfoPlist.strings */ = {
			isa = PBXVariantGroup;
			children = (
				1992A8C619878F2500B17735 /* en */,
			);
			name = InfoPlist.strings;
			sourceTree = "<group>";
		};
		1992A8DE19878F2500B17735 /* InfoPlist.strings */ = {
			isa = PBXVariantGroup;
			children = (
				1992A8DF19878F2500B17735 /* en */,
			);
			name = InfoPlist.strings;
			sourceTree = "<group>";
		};
/* End PBXVariantGroup section */

/* Begin XCBuildConfiguration section */
		1992A8E319878F2500B17735 /* Debug */ = {
			isa = XCBuildConfiguration;
			buildSettings = {
				ALWAYS_SEARCH_USER_PATHS = NO;
				CLANG_CXX_LANGUAGE_STANDARD = "gnu++0x";
				CLANG_CXX_LIBRARY = "libc++";
				CLANG_ENABLE_MODULES = YES;
				CLANG_ENABLE_OBJC_ARC = YES;
				CLANG_WARN_BOOL_CONVERSION = YES;
				CLANG_WARN_CONSTANT_CONVERSION = YES;
				CLANG_WARN_DIRECT_OBJC_ISA_USAGE = YES_ERROR;
				CLANG_WARN_EMPTY_BODY = YES;
				CLANG_WARN_ENUM_CONVERSION = YES;
				CLANG_WARN_INT_CONVERSION = YES;
				CLANG_WARN_OBJC_ROOT_CLASS = YES_ERROR;
				CLANG_WARN__DUPLICATE_METHOD_MATCH = YES;
				"CODE_SIGN_IDENTITY[sdk=iphoneos*]" = "iPhone Developer";
				COPY_PHASE_STRIP = NO;
				GCC_C_LANGUAGE_STANDARD = gnu99;
				GCC_DYNAMIC_NO_PIC = NO;
				GCC_OPTIMIZATION_LEVEL = 0;
				GCC_PREPROCESSOR_DEFINITIONS = (
					"DEBUG=1",
					"$(inherited)",
				);
				GCC_SYMBOLS_PRIVATE_EXTERN = NO;
				GCC_WARN_64_TO_32_BIT_CONVERSION = YES;
				GCC_WARN_ABOUT_RETURN_TYPE = YES_ERROR;
				GCC_WARN_UNDECLARED_SELECTOR = YES;
				GCC_WARN_UNINITIALIZED_AUTOS = YES_AGGRESSIVE;
				GCC_WARN_UNUSED_FUNCTION = YES;
				GCC_WARN_UNUSED_VARIABLE = YES;
				IPHONEOS_DEPLOYMENT_TARGET = 7.1;
				ONLY_ACTIVE_ARCH = YES;
				SDKROOT = iphoneos;
			};
			name = Debug;
		};
		1992A8E419878F2500B17735 /* Release */ = {
			isa = XCBuildConfiguration;
			buildSettings = {
				ALWAYS_SEARCH_USER_PATHS = NO;
				CLANG_CXX_LANGUAGE_STANDARD = "gnu++0x";
				CLANG_CXX_LIBRARY = "libc++";
				CLANG_ENABLE_MODULES = YES;
				CLANG_ENABLE_OBJC_ARC = YES;
				CLANG_WARN_BOOL_CONVERSION = YES;
				CLANG_WARN_CONSTANT_CONVERSION = YES;
				CLANG_WARN_DIRECT_OBJC_ISA_USAGE = YES_ERROR;
				CLANG_WARN_EMPTY_BODY = YES;
				CLANG_WARN_ENUM_CONVERSION = YES;
				CLANG_WARN_INT_CONVERSION = YES;
				CLANG_WARN_OBJC_ROOT_CLASS = YES_ERROR;
				CLANG_WARN__DUPLICATE_METHOD_MATCH = YES;
				"CODE_SIGN_IDENTITY[sdk=iphoneos*]" = "iPhone Developer";
				COPY_PHASE_STRIP = YES;
				ENABLE_NS_ASSERTIONS = NO;
				GCC_C_LANGUAGE_STANDARD = gnu99;
				GCC_WARN_64_TO_32_BIT_CONVERSION = YES;
				GCC_WARN_ABOUT_RETURN_TYPE = YES_ERROR;
				GCC_WARN_UNDECLARED_SELECTOR = YES;
				GCC_WARN_UNINITIALIZED_AUTOS = YES_AGGRESSIVE;
				GCC_WARN_UNUSED_FUNCTION = YES;
				GCC_WARN_UNUSED_VARIABLE = YES;
				IPHONEOS_DEPLOYMENT_TARGET = 7.1;
				SDKROOT = iphoneos;
				VALIDATE_PRODUCT = YES;
			};
			name = Release;
		};
		1992A8E619878F2500B17735 /* Debug */ = {
			isa = XCBuildConfiguration;
			buildSettings = {
				ASSETCATALOG_COMPILER_APPICON_NAME = AppIcon;
				ASSETCATALOG_COMPILER_LAUNCHIMAGE_NAME = LaunchImage;
				GCC_PRECOMPILE_PREFIX_HEADER = YES;
				GCC_PREFIX_HEADER = "Demo39_TabBar_Navi/Demo39_TabBar_Navi-Prefix.pch";
				INFOPLIST_FILE = "Demo39_TabBar_Navi/Demo39_TabBar_Navi-Info.plist";
				PRODUCT_NAME = "$(TARGET_NAME)";
				WRAPPER_EXTENSION = app;
			};
			name = Debug;
		};
		1992A8E719878F2500B17735 /* Release */ = {
			isa = XCBuildConfiguration;
			buildSettings = {
				ASSETCATALOG_COMPILER_APPICON_NAME = AppIcon;
				ASSETCATALOG_COMPILER_LAUNCHIMAGE_NAME = LaunchImage;
				GCC_PRECOMPILE_PREFIX_HEADER = YES;
				GCC_PREFIX_HEADER = "Demo39_TabBar_Navi/Demo39_TabBar_Navi-Prefix.pch";
				INFOPLIST_FILE = "Demo39_TabBar_Navi/Demo39_TabBar_Navi-Info.plist";
				PRODUCT_NAME = "$(TARGET_NAME)";
				WRAPPER_EXTENSION = app;
			};
			name = Release;
		};
		1992A8E919878F2500B17735 /* Debug */ = {
			isa = XCBuildConfiguration;
			buildSettings = {
				BUNDLE_LOADER = "$(BUILT_PRODUCTS_DIR)/Demo39_TabBar_Navi.app/Demo39_TabBar_Navi";
				FRAMEWORK_SEARCH_PATHS = (
					"$(SDKROOT)/Developer/Library/Frameworks",
					"$(inherited)",
					"$(DEVELOPER_FRAMEWORKS_DIR)",
				);
				GCC_PRECOMPILE_PREFIX_HEADER = YES;
				GCC_PREFIX_HEADER = "Demo39_TabBar_Navi/Demo39_TabBar_Navi-Prefix.pch";
				GCC_PREPROCESSOR_DEFINITIONS = (
					"DEBUG=1",
					"$(inherited)",
				);
				INFOPLIST_FILE = "Demo39_TabBar_NaviTests/Demo39_TabBar_NaviTests-Info.plist";
				PRODUCT_NAME = "$(TARGET_NAME)";
				TEST_HOST = "$(BUNDLE_LOADER)";
				WRAPPER_EXTENSION = xctest;
			};
			name = Debug;
		};
		1992A8EA19878F2500B17735 /* Release */ = {
			isa = XCBuildConfiguration;
			buildSettings = {
				BUNDLE_LOADER = "$(BUILT_PRODUCTS_DIR)/Demo39_TabBar_Navi.app/Demo39_TabBar_Navi";
				FRAMEWORK_SEARCH_PATHS = (
					"$(SDKROOT)/Developer/Library/Frameworks",
					"$(inherited)",
					"$(DEVELOPER_FRAMEWORKS_DIR)",
				);
				GCC_PRECOMPILE_PREFIX_HEADER = YES;
				GCC_PREFIX_HEADER = "Demo39_TabBar_Navi/Demo39_TabBar_Navi-Prefix.pch";
				INFOPLIST_FILE = "Demo39_TabBar_NaviTests/Demo39_TabBar_NaviTests-Info.plist";
				PRODUCT_NAME = "$(TARGET_NAME)";
				TEST_HOST = "$(BUNDLE_LOADER)";
				WRAPPER_EXTENSION = xctest;
			};
			name = Release;
		};
/* End XCBuildConfiguration section */

/* Begin XCConfigurationList section */
		1992A8B419878F2500B17735 /* Build configuration list for PBXProject "Demo39_TabBar_Navi" */ = {
			isa = XCConfigurationList;
			buildConfigurations = (
				1992A8E319878F2500B17735 /* Debug */,
				1992A8E419878F2500B17735 /* Release */,
			);
			defaultConfigurationIsVisible = 0;
			defaultConfigurationName = Release;
		};
		1992A8E519878F2500B17735 /* Build configuration list for PBXNativeTarget "Demo39_TabBar_Navi" */ = {
			isa = XCConfigurationList;
			buildConfigurations = (
				1992A8E619878F2500B17735 /* Debug */,
				1992A8E719878F2500B17735 /* Release */,
			);
			defaultConfigurationIsVisible = 0;
		};
		1992A8E819878F2500B17735 /* Build configuration list for PBXNativeTarget "Demo39_TabBar_NaviTests" */ = {
			isa = XCConfigurationList;
			buildConfigurations = (
				1992A8E919878F2500B17735 /* Debug */,
				1992A8EA19878F2500B17735 /* Release */,
			);
			defaultConfigurationIsVisible = 0;
		};
/* End XCConfigurationList section */
	};
	rootObject = 1992A8B119878F2500B17735 /* Project object */;
}
